// !$*UTF8*$!
{
	archiveVersion = 1;
	classes = {
	};
	objectVersion = 46;
	objects = {

/* Begin PBXBuildFile section */
		1803DD751E7848B9006D950F /* NSDate+MJ.m in Sources */ = {isa = PBXBuildFile; fileRef = 1803DD6C1E7848B9006D950F /* NSDate+MJ.m */; };
		1803DD761E7848B9006D950F /* NSDate+MJ.m in Sources */ = {isa = PBXBuildFile; fileRef = 1803DD6C1E7848B9006D950F /* NSDate+MJ.m */; };
		1803DD771E7848B9006D950F /* NSDate+MJ.m in Sources */ = {isa = PBXBuildFile; fileRef = 1803DD6C1E7848B9006D950F /* NSDate+MJ.m */; };
		1803DD781E7848B9006D950F /* UIBarButtonItem+YJTBarButtonItem.m in Sources */ = {isa = PBXBuildFile; fileRef = 1803DD6E1E7848B9006D950F /* UIBarButtonItem+YJTBarButtonItem.m */; };
		1803DD791E7848B9006D950F /* UIBarButtonItem+YJTBarButtonItem.m in Sources */ = {isa = PBXBuildFile; fileRef = 1803DD6E1E7848B9006D950F /* UIBarButtonItem+YJTBarButtonItem.m */; };
		1803DD7A1E7848B9006D950F /* UIBarButtonItem+YJTBarButtonItem.m in Sources */ = {isa = PBXBuildFile; fileRef = 1803DD6E1E7848B9006D950F /* UIBarButtonItem+YJTBarButtonItem.m */; };
		1803DD7B1E7848B9006D950F /* UIImage+YJTUIImage.m in Sources */ = {isa = PBXBuildFile; fileRef = 1803DD701E7848B9006D950F /* UIImage+YJTUIImage.m */; };
		1803DD7C1E7848B9006D950F /* UIImage+YJTUIImage.m in Sources */ = {isa = PBXBuildFile; fileRef = 1803DD701E7848B9006D950F /* UIImage+YJTUIImage.m */; };
		1803DD7D1E7848B9006D950F /* UIImage+YJTUIImage.m in Sources */ = {isa = PBXBuildFile; fileRef = 1803DD701E7848B9006D950F /* UIImage+YJTUIImage.m */; };
		1803DD7E1E7848B9006D950F /* UIView+Frame.m in Sources */ = {isa = PBXBuildFile; fileRef = 1803DD721E7848B9006D950F /* UIView+Frame.m */; };
		1803DD7F1E7848B9006D950F /* UIView+Frame.m in Sources */ = {isa = PBXBuildFile; fileRef = 1803DD721E7848B9006D950F /* UIView+Frame.m */; };
		1803DD801E7848BA006D950F /* UIView+Frame.m in Sources */ = {isa = PBXBuildFile; fileRef = 1803DD721E7848B9006D950F /* UIView+Frame.m */; };
		1803DD811E7848BA006D950F /* UIView+MBP.m in Sources */ = {isa = PBXBuildFile; fileRef = 1803DD741E7848B9006D950F /* UIView+MBP.m */; };
		1803DD821E7848BA006D950F /* UIView+MBP.m in Sources */ = {isa = PBXBuildFile; fileRef = 1803DD741E7848B9006D950F /* UIView+MBP.m */; };
		1803DD831E7848BA006D950F /* UIView+MBP.m in Sources */ = {isa = PBXBuildFile; fileRef = 1803DD741E7848B9006D950F /* UIView+MBP.m */; };
		1803DD961E784A8A006D950F /* DDNetworkTool.m in Sources */ = {isa = PBXBuildFile; fileRef = 1803DD8E1E784A8A006D950F /* DDNetworkTool.m */; };
		1803DD971E784A8A006D950F /* DDPhoneVersion.m in Sources */ = {isa = PBXBuildFile; fileRef = 1803DD901E784A8A006D950F /* DDPhoneVersion.m */; };
		1803DD981E784A8A006D950F /* LKBAFN.m in Sources */ = {isa = PBXBuildFile; fileRef = 1803DD921E784A8A006D950F /* LKBAFN.m */; };
		1803DD991E784A8A006D950F /* MBProgressHUD.bundle in Resources */ = {isa = PBXBuildFile; fileRef = 1803DD931E784A8A006D950F /* MBProgressHUD.bundle */; };
		1803DD9A1E784A8A006D950F /* MBProgressHUD+MJ.m in Sources */ = {isa = PBXBuildFile; fileRef = 1803DD951E784A8A006D950F /* MBProgressHUD+MJ.m */; };
		1854397A1E6FC19A00D8BD85 /* LKBVC.m in Sources */ = {isa = PBXBuildFile; fileRef = 185439781E6FC19A00D8BD85 /* LKBVC.m */; };
		1854397B1E6FC19A00D8BD85 /* LKBVC.m in Sources */ = {isa = PBXBuildFile; fileRef = 185439781E6FC19A00D8BD85 /* LKBVC.m */; };
		1854397C1E6FC19A00D8BD85 /* LKBVC.m in Sources */ = {isa = PBXBuildFile; fileRef = 185439781E6FC19A00D8BD85 /* LKBVC.m */; };
		185439821E6FC1AE00D8BD85 /* LKBView.m in Sources */ = {isa = PBXBuildFile; fileRef = 185439811E6FC1AE00D8BD85 /* LKBView.m */; };
		185439831E6FC1AE00D8BD85 /* LKBView.m in Sources */ = {isa = PBXBuildFile; fileRef = 185439811E6FC1AE00D8BD85 /* LKBView.m */; };
		185439841E6FC1AE00D8BD85 /* LKBView.m in Sources */ = {isa = PBXBuildFile; fileRef = 185439811E6FC1AE00D8BD85 /* LKBView.m */; };
		185439871E6FC1CD00D8BD85 /* LKBButton.m in Sources */ = {isa = PBXBuildFile; fileRef = 185439861E6FC1CD00D8BD85 /* LKBButton.m */; };
		185439881E6FC1CD00D8BD85 /* LKBButton.m in Sources */ = {isa = PBXBuildFile; fileRef = 185439861E6FC1CD00D8BD85 /* LKBButton.m */; };
		185439891E6FC1CD00D8BD85 /* LKBButton.m in Sources */ = {isa = PBXBuildFile; fileRef = 185439861E6FC1CD00D8BD85 /* LKBButton.m */; };
		1854398C1E6FC1E800D8BD85 /* LKBTextView.m in Sources */ = {isa = PBXBuildFile; fileRef = 1854398B1E6FC1E800D8BD85 /* LKBTextView.m */; };
		1854398D1E6FC1E800D8BD85 /* LKBTextView.m in Sources */ = {isa = PBXBuildFile; fileRef = 1854398B1E6FC1E800D8BD85 /* LKBTextView.m */; };
		1854398E1E6FC1E800D8BD85 /* LKBTextView.m in Sources */ = {isa = PBXBuildFile; fileRef = 1854398B1E6FC1E800D8BD85 /* LKBTextView.m */; };
		185439911E6FC1FF00D8BD85 /* LKBTextField.m in Sources */ = {isa = PBXBuildFile; fileRef = 185439901E6FC1FF00D8BD85 /* LKBTextField.m */; };
		185439921E6FC1FF00D8BD85 /* LKBTextField.m in Sources */ = {isa = PBXBuildFile; fileRef = 185439901E6FC1FF00D8BD85 /* LKBTextField.m */; };
		185439931E6FC1FF00D8BD85 /* LKBTextField.m in Sources */ = {isa = PBXBuildFile; fileRef = 185439901E6FC1FF00D8BD85 /* LKBTextField.m */; };
		185439961E6FC21300D8BD85 /* LKBLabel.m in Sources */ = {isa = PBXBuildFile; fileRef = 185439951E6FC21300D8BD85 /* LKBLabel.m */; };
		185439971E6FC21300D8BD85 /* LKBLabel.m in Sources */ = {isa = PBXBuildFile; fileRef = 185439951E6FC21300D8BD85 /* LKBLabel.m */; };
		185439981E6FC21300D8BD85 /* LKBLabel.m in Sources */ = {isa = PBXBuildFile; fileRef = 185439951E6FC21300D8BD85 /* LKBLabel.m */; };
		1854399B1E6FC23000D8BD85 /* LKBImageView.m in Sources */ = {isa = PBXBuildFile; fileRef = 1854399A1E6FC22F00D8BD85 /* LKBImageView.m */; };
		1854399C1E6FC23000D8BD85 /* LKBImageView.m in Sources */ = {isa = PBXBuildFile; fileRef = 1854399A1E6FC22F00D8BD85 /* LKBImageView.m */; };
		1854399D1E6FC23000D8BD85 /* LKBImageView.m in Sources */ = {isa = PBXBuildFile; fileRef = 1854399A1E6FC22F00D8BD85 /* LKBImageView.m */; };
		185439A61E6FC2E100D8BD85 /* HomeVC.m in Sources */ = {isa = PBXBuildFile; fileRef = 185439A41E6FC2E100D8BD85 /* HomeVC.m */; };
		185439A71E6FC2E100D8BD85 /* HomeVC.m in Sources */ = {isa = PBXBuildFile; fileRef = 185439A41E6FC2E100D8BD85 /* HomeVC.m */; };
		185439A81E6FC2E100D8BD85 /* HomeVC.m in Sources */ = {isa = PBXBuildFile; fileRef = 185439A41E6FC2E100D8BD85 /* HomeVC.m */; };
		185439AF1E6FC2F300D8BD85 /* MapVC.m in Sources */ = {isa = PBXBuildFile; fileRef = 185439AD1E6FC2F300D8BD85 /* MapVC.m */; };
		185439B01E6FC2F300D8BD85 /* MapVC.m in Sources */ = {isa = PBXBuildFile; fileRef = 185439AD1E6FC2F300D8BD85 /* MapVC.m */; };
		185439B11E6FC2F300D8BD85 /* MapVC.m in Sources */ = {isa = PBXBuildFile; fileRef = 185439AD1E6FC2F300D8BD85 /* MapVC.m */; };
		185439B21E6FC2F300D8BD85 /* MapVC.xib in Resources */ = {isa = PBXBuildFile; fileRef = 185439AE1E6FC2F300D8BD85 /* MapVC.xib */; };
		185439B31E6FC2F300D8BD85 /* MapVC.xib in Resources */ = {isa = PBXBuildFile; fileRef = 185439AE1E6FC2F300D8BD85 /* MapVC.xib */; };
		185439B41E6FC2F300D8BD85 /* MapVC.xib in Resources */ = {isa = PBXBuildFile; fileRef = 185439AE1E6FC2F300D8BD85 /* MapVC.xib */; };
		185439B81E6FC30200D8BD85 /* AddVC.m in Sources */ = {isa = PBXBuildFile; fileRef = 185439B61E6FC30200D8BD85 /* AddVC.m */; };
		185439B91E6FC30200D8BD85 /* AddVC.m in Sources */ = {isa = PBXBuildFile; fileRef = 185439B61E6FC30200D8BD85 /* AddVC.m */; };
		185439BA1E6FC30200D8BD85 /* AddVC.m in Sources */ = {isa = PBXBuildFile; fileRef = 185439B61E6FC30200D8BD85 /* AddVC.m */; };
		185439BB1E6FC30200D8BD85 /* AddVC.xib in Resources */ = {isa = PBXBuildFile; fileRef = 185439B71E6FC30200D8BD85 /* AddVC.xib */; };
		185439BC1E6FC30200D8BD85 /* AddVC.xib in Resources */ = {isa = PBXBuildFile; fileRef = 185439B71E6FC30200D8BD85 /* AddVC.xib */; };
		185439BD1E6FC30200D8BD85 /* AddVC.xib in Resources */ = {isa = PBXBuildFile; fileRef = 185439B71E6FC30200D8BD85 /* AddVC.xib */; };
		185439C11E6FC31100D8BD85 /* LiveVC.m in Sources */ = {isa = PBXBuildFile; fileRef = 185439BF1E6FC31100D8BD85 /* LiveVC.m */; };
		185439C21E6FC31100D8BD85 /* LiveVC.m in Sources */ = {isa = PBXBuildFile; fileRef = 185439BF1E6FC31100D8BD85 /* LiveVC.m */; };
		185439C31E6FC31100D8BD85 /* LiveVC.m in Sources */ = {isa = PBXBuildFile; fileRef = 185439BF1E6FC31100D8BD85 /* LiveVC.m */; };
		185439C41E6FC31100D8BD85 /* LiveVC.xib in Resources */ = {isa = PBXBuildFile; fileRef = 185439C01E6FC31100D8BD85 /* LiveVC.xib */; };
		185439C51E6FC31100D8BD85 /* LiveVC.xib in Resources */ = {isa = PBXBuildFile; fileRef = 185439C01E6FC31100D8BD85 /* LiveVC.xib */; };
		185439C61E6FC31100D8BD85 /* LiveVC.xib in Resources */ = {isa = PBXBuildFile; fileRef = 185439C01E6FC31100D8BD85 /* LiveVC.xib */; };
		185439CA1E6FC31E00D8BD85 /* MeVC.m in Sources */ = {isa = PBXBuildFile; fileRef = 185439C81E6FC31E00D8BD85 /* MeVC.m */; };
		185439CB1E6FC31E00D8BD85 /* MeVC.m in Sources */ = {isa = PBXBuildFile; fileRef = 185439C81E6FC31E00D8BD85 /* MeVC.m */; };
		185439CC1E6FC31E00D8BD85 /* MeVC.m in Sources */ = {isa = PBXBuildFile; fileRef = 185439C81E6FC31E00D8BD85 /* MeVC.m */; };
		185439CD1E6FC31E00D8BD85 /* MeVC.xib in Resources */ = {isa = PBXBuildFile; fileRef = 185439C91E6FC31E00D8BD85 /* MeVC.xib */; };
		185439CE1E6FC31E00D8BD85 /* MeVC.xib in Resources */ = {isa = PBXBuildFile; fileRef = 185439C91E6FC31E00D8BD85 /* MeVC.xib */; };
		185439CF1E6FC31E00D8BD85 /* MeVC.xib in Resources */ = {isa = PBXBuildFile; fileRef = 185439C91E6FC31E00D8BD85 /* MeVC.xib */; };
		185439D31E6FC60200D8BD85 /* LKBTabBarController.m in Sources */ = {isa = PBXBuildFile; fileRef = 185439D11E6FC60200D8BD85 /* LKBTabBarController.m */; };
		185439D41E6FC60200D8BD85 /* LKBTabBarController.m in Sources */ = {isa = PBXBuildFile; fileRef = 185439D11E6FC60200D8BD85 /* LKBTabBarController.m */; };
		185439D51E6FC60200D8BD85 /* LKBTabBarController.m in Sources */ = {isa = PBXBuildFile; fileRef = 185439D11E6FC60200D8BD85 /* LKBTabBarController.m */; };
		185439DC1E6FC61B00D8BD85 /* LKBTableVC.m in Sources */ = {isa = PBXBuildFile; fileRef = 185439DA1E6FC61B00D8BD85 /* LKBTableVC.m */; };
		185439DD1E6FC61B00D8BD85 /* LKBTableVC.m in Sources */ = {isa = PBXBuildFile; fileRef = 185439DA1E6FC61B00D8BD85 /* LKBTableVC.m */; };
		185439DE1E6FC61B00D8BD85 /* LKBTableVC.m in Sources */ = {isa = PBXBuildFile; fileRef = 185439DA1E6FC61B00D8BD85 /* LKBTableVC.m */; };
		185439E51E6FC63500D8BD85 /* LKBCollectionVC.m in Sources */ = {isa = PBXBuildFile; fileRef = 185439E31E6FC63500D8BD85 /* LKBCollectionVC.m */; };
		185439E61E6FC63500D8BD85 /* LKBCollectionVC.m in Sources */ = {isa = PBXBuildFile; fileRef = 185439E31E6FC63500D8BD85 /* LKBCollectionVC.m */; };
		185439E71E6FC63500D8BD85 /* LKBCollectionVC.m in Sources */ = {isa = PBXBuildFile; fileRef = 185439E31E6FC63500D8BD85 /* LKBCollectionVC.m */; };
		185439F01E6FC75E00D8BD85 /* TabBarController.m in Sources */ = {isa = PBXBuildFile; fileRef = 185439EE1E6FC75E00D8BD85 /* TabBarController.m */; };
		185439F11E6FC75E00D8BD85 /* TabBarController.m in Sources */ = {isa = PBXBuildFile; fileRef = 185439EE1E6FC75E00D8BD85 /* TabBarController.m */; };
		185439F21E6FC75E00D8BD85 /* TabBarController.m in Sources */ = {isa = PBXBuildFile; fileRef = 185439EE1E6FC75E00D8BD85 /* TabBarController.m */; };
		185439F31E6FC75E00D8BD85 /* TabBarController.xib in Resources */ = {isa = PBXBuildFile; fileRef = 185439EF1E6FC75E00D8BD85 /* TabBarController.xib */; };
		185439F41E6FC75E00D8BD85 /* TabBarController.xib in Resources */ = {isa = PBXBuildFile; fileRef = 185439EF1E6FC75E00D8BD85 /* TabBarController.xib */; };
		185439F51E6FC75E00D8BD85 /* TabBarController.xib in Resources */ = {isa = PBXBuildFile; fileRef = 185439EF1E6FC75E00D8BD85 /* TabBarController.xib */; };
		185439F81E6FC78700D8BD85 /* LKBTabBar.m in Sources */ = {isa = PBXBuildFile; fileRef = 185439F71E6FC78700D8BD85 /* LKBTabBar.m */; };
		185439F91E6FC78700D8BD85 /* LKBTabBar.m in Sources */ = {isa = PBXBuildFile; fileRef = 185439F71E6FC78700D8BD85 /* LKBTabBar.m */; };
		185439FA1E6FC78700D8BD85 /* LKBTabBar.m in Sources */ = {isa = PBXBuildFile; fileRef = 185439F71E6FC78700D8BD85 /* LKBTabBar.m */; };
		185439FC1E6FECB200D8BD85 /* Launch Screen.storyboard in Resources */ = {isa = PBXBuildFile; fileRef = 185439FB1E6FECB200D8BD85 /* Launch Screen.storyboard */; };
		185439FD1E6FECB200D8BD85 /* Launch Screen.storyboard in Resources */ = {isa = PBXBuildFile; fileRef = 185439FB1E6FECB200D8BD85 /* Launch Screen.storyboard */; };
		185439FE1E6FECB200D8BD85 /* Launch Screen.storyboard in Resources */ = {isa = PBXBuildFile; fileRef = 185439FB1E6FECB200D8BD85 /* Launch Screen.storyboard */; };
		18543B251E70277300D8BD85 /* OptionButton.m in Sources */ = {isa = PBXBuildFile; fileRef = 18543B241E70277300D8BD85 /* OptionButton.m */; };
		18543B261E70277300D8BD85 /* OptionButton.m in Sources */ = {isa = PBXBuildFile; fileRef = 18543B241E70277300D8BD85 /* OptionButton.m */; };
		18543B271E70277300D8BD85 /* OptionButton.m in Sources */ = {isa = PBXBuildFile; fileRef = 18543B241E70277300D8BD85 /* OptionButton.m */; };
		18543B2A1E7027B600D8BD85 /* UIView+Util.m in Sources */ = {isa = PBXBuildFile; fileRef = 18543B291E7027B600D8BD85 /* UIView+Util.m */; };
		18543B2B1E7027B600D8BD85 /* UIView+Util.m in Sources */ = {isa = PBXBuildFile; fileRef = 18543B291E7027B600D8BD85 /* UIView+Util.m */; };
		18543B2C1E7027B600D8BD85 /* UIView+Util.m in Sources */ = {isa = PBXBuildFile; fileRef = 18543B291E7027B600D8BD85 /* UIView+Util.m */; };
		18543B2F1E7027C600D8BD85 /* UIColor+Util.m in Sources */ = {isa = PBXBuildFile; fileRef = 18543B2E1E7027C600D8BD85 /* UIColor+Util.m */; };
		18543B301E7027C600D8BD85 /* UIColor+Util.m in Sources */ = {isa = PBXBuildFile; fileRef = 18543B2E1E7027C600D8BD85 /* UIColor+Util.m */; };
		18543B311E7027C600D8BD85 /* UIColor+Util.m in Sources */ = {isa = PBXBuildFile; fileRef = 18543B2E1E7027C600D8BD85 /* UIColor+Util.m */; };
		18543B381E702EAC00D8BD85 /* LKBLoginVC.m in Sources */ = {isa = PBXBuildFile; fileRef = 18543B361E702EAC00D8BD85 /* LKBLoginVC.m */; };
		18543B391E702EAC00D8BD85 /* LKBLoginVC.m in Sources */ = {isa = PBXBuildFile; fileRef = 18543B361E702EAC00D8BD85 /* LKBLoginVC.m */; };
		18543B3A1E702EAC00D8BD85 /* LKBLoginVC.m in Sources */ = {isa = PBXBuildFile; fileRef = 18543B361E702EAC00D8BD85 /* LKBLoginVC.m */; };
		18543B3B1E702EAC00D8BD85 /* LKBLoginVC.xib in Resources */ = {isa = PBXBuildFile; fileRef = 18543B371E702EAC00D8BD85 /* LKBLoginVC.xib */; };
		18543B3C1E702EAC00D8BD85 /* LKBLoginVC.xib in Resources */ = {isa = PBXBuildFile; fileRef = 18543B371E702EAC00D8BD85 /* LKBLoginVC.xib */; };
		18543B3D1E702EAC00D8BD85 /* LKBLoginVC.xib in Resources */ = {isa = PBXBuildFile; fileRef = 18543B371E702EAC00D8BD85 /* LKBLoginVC.xib */; };
		18543B411E702ED900D8BD85 /* LKBRegisterVC.m in Sources */ = {isa = PBXBuildFile; fileRef = 18543B3F1E702ED900D8BD85 /* LKBRegisterVC.m */; };
		18543B421E702ED900D8BD85 /* LKBRegisterVC.m in Sources */ = {isa = PBXBuildFile; fileRef = 18543B3F1E702ED900D8BD85 /* LKBRegisterVC.m */; };
		18543B431E702ED900D8BD85 /* LKBRegisterVC.m in Sources */ = {isa = PBXBuildFile; fileRef = 18543B3F1E702ED900D8BD85 /* LKBRegisterVC.m */; };
		18543B441E702ED900D8BD85 /* LKBRegisterVC.xib in Resources */ = {isa = PBXBuildFile; fileRef = 18543B401E702ED900D8BD85 /* LKBRegisterVC.xib */; };
		18543B451E702ED900D8BD85 /* LKBRegisterVC.xib in Resources */ = {isa = PBXBuildFile; fileRef = 18543B401E702ED900D8BD85 /* LKBRegisterVC.xib */; };
		18543B461E702ED900D8BD85 /* LKBRegisterVC.xib in Resources */ = {isa = PBXBuildFile; fileRef = 18543B401E702ED900D8BD85 /* LKBRegisterVC.xib */; };
		18543B4A1E702EF100D8BD85 /* LKBGuideVC.m in Sources */ = {isa = PBXBuildFile; fileRef = 18543B481E702EF100D8BD85 /* LKBGuideVC.m */; };
		18543B4B1E702EF100D8BD85 /* LKBGuideVC.m in Sources */ = {isa = PBXBuildFile; fileRef = 18543B481E702EF100D8BD85 /* LKBGuideVC.m */; };
		18543B4C1E702EF100D8BD85 /* LKBGuideVC.m in Sources */ = {isa = PBXBuildFile; fileRef = 18543B481E702EF100D8BD85 /* LKBGuideVC.m */; };
		18543B4D1E702EF100D8BD85 /* LKBGuideVC.xib in Resources */ = {isa = PBXBuildFile; fileRef = 18543B491E702EF100D8BD85 /* LKBGuideVC.xib */; };
		18543B4E1E702EF100D8BD85 /* LKBGuideVC.xib in Resources */ = {isa = PBXBuildFile; fileRef = 18543B491E702EF100D8BD85 /* LKBGuideVC.xib */; };
		18543B4F1E702EF100D8BD85 /* LKBGuideVC.xib in Resources */ = {isa = PBXBuildFile; fileRef = 18543B491E702EF100D8BD85 /* LKBGuideVC.xib */; };
		18543B521E7058FC00D8BD85 /* HomeVC.storyboard in Resources */ = {isa = PBXBuildFile; fileRef = 18543B511E7058FC00D8BD85 /* HomeVC.storyboard */; };
		18543B531E7058FC00D8BD85 /* HomeVC.storyboard in Resources */ = {isa = PBXBuildFile; fileRef = 18543B511E7058FC00D8BD85 /* HomeVC.storyboard */; };
		18543B541E7058FC00D8BD85 /* HomeVC.storyboard in Resources */ = {isa = PBXBuildFile; fileRef = 18543B511E7058FC00D8BD85 /* HomeVC.storyboard */; };
		188915181E5DE4200058F3A4 /* main.m in Sources */ = {isa = PBXBuildFile; fileRef = 188915171E5DE4200058F3A4 /* main.m */; };
		1889151B1E5DE4200058F3A4 /* AppDelegate.m in Sources */ = {isa = PBXBuildFile; fileRef = 1889151A1E5DE4200058F3A4 /* AppDelegate.m */; };
		188915241E5DE4200058F3A4 /* mytool_oc.xcdatamodeld in Sources */ = {isa = PBXBuildFile; fileRef = 188915221E5DE4200058F3A4 /* mytool_oc.xcdatamodeld */; };
		188915261E5DE4200058F3A4 /* Assets.xcassets in Resources */ = {isa = PBXBuildFile; fileRef = 188915251E5DE4200058F3A4 /* Assets.xcassets */; };
		188915341E5DE4200058F3A4 /* mytool_ocTests.m in Sources */ = {isa = PBXBuildFile; fileRef = 188915331E5DE4200058F3A4 /* mytool_ocTests.m */; };
		1889153F1E5DE4200058F3A4 /* mytool_ocUITests.m in Sources */ = {isa = PBXBuildFile; fileRef = 1889153E1E5DE4200058F3A4 /* mytool_ocUITests.m */; };
		189039B21E79457A0098C7C2 /* weatherCell.xib in Resources */ = {isa = PBXBuildFile; fileRef = 189039B11E79457A0098C7C2 /* weatherCell.xib */; };
		189039B31E79457A0098C7C2 /* weatherCell.xib in Resources */ = {isa = PBXBuildFile; fileRef = 189039B11E79457A0098C7C2 /* weatherCell.xib */; };
		189039B41E79457A0098C7C2 /* weatherCell.xib in Resources */ = {isa = PBXBuildFile; fileRef = 189039B11E79457A0098C7C2 /* weatherCell.xib */; };
		189039B61E7945830098C7C2 /* newsCell.xib in Resources */ = {isa = PBXBuildFile; fileRef = 189039B51E7945830098C7C2 /* newsCell.xib */; };
		189039B71E7945830098C7C2 /* newsCell.xib in Resources */ = {isa = PBXBuildFile; fileRef = 189039B51E7945830098C7C2 /* newsCell.xib */; };
		189039B81E7945830098C7C2 /* newsCell.xib in Resources */ = {isa = PBXBuildFile; fileRef = 189039B51E7945830098C7C2 /* newsCell.xib */; };
		189039BC1E7979450098C7C2 /* testCell.m in Sources */ = {isa = PBXBuildFile; fileRef = 189039BA1E7979450098C7C2 /* testCell.m */; };
		189039BD1E7979450098C7C2 /* testCell.m in Sources */ = {isa = PBXBuildFile; fileRef = 189039BA1E7979450098C7C2 /* testCell.m */; };
		189039BE1E7979450098C7C2 /* testCell.m in Sources */ = {isa = PBXBuildFile; fileRef = 189039BA1E7979450098C7C2 /* testCell.m */; };
		189039BF1E7979450098C7C2 /* testCell.xib in Resources */ = {isa = PBXBuildFile; fileRef = 189039BB1E7979450098C7C2 /* testCell.xib */; };
		189039C01E7979450098C7C2 /* testCell.xib in Resources */ = {isa = PBXBuildFile; fileRef = 189039BB1E7979450098C7C2 /* testCell.xib */; };
		189039C11E7979450098C7C2 /* testCell.xib in Resources */ = {isa = PBXBuildFile; fileRef = 189039BB1E7979450098C7C2 /* testCell.xib */; };
		189039C41E79818B0098C7C2 /* weatherCell.m in Sources */ = {isa = PBXBuildFile; fileRef = 189039C31E79818B0098C7C2 /* weatherCell.m */; };
		189039C51E79818B0098C7C2 /* weatherCell.m in Sources */ = {isa = PBXBuildFile; fileRef = 189039C31E79818B0098C7C2 /* weatherCell.m */; };
		189039C61E79818B0098C7C2 /* weatherCell.m in Sources */ = {isa = PBXBuildFile; fileRef = 189039C31E79818B0098C7C2 /* weatherCell.m */; };
		189039C91E7981980098C7C2 /* newsCell.m in Sources */ = {isa = PBXBuildFile; fileRef = 189039C81E7981980098C7C2 /* newsCell.m */; };
		189039CA1E7981980098C7C2 /* newsCell.m in Sources */ = {isa = PBXBuildFile; fileRef = 189039C81E7981980098C7C2 /* newsCell.m */; };
		189039CB1E7981980098C7C2 /* newsCell.m in Sources */ = {isa = PBXBuildFile; fileRef = 189039C81E7981980098C7C2 /* newsCell.m */; };
		18FF5B161E716062002A771D /* ObjcRuntime.m in Sources */ = {isa = PBXBuildFile; fileRef = 18FF5B151E716062002A771D /* ObjcRuntime.m */; };
		18FF5B171E716062002A771D /* ObjcRuntime.m in Sources */ = {isa = PBXBuildFile; fileRef = 18FF5B151E716062002A771D /* ObjcRuntime.m */; };
		18FF5B181E716062002A771D /* ObjcRuntime.m in Sources */ = {isa = PBXBuildFile; fileRef = 18FF5B151E716062002A771D /* ObjcRuntime.m */; };
		9DD27EB5BB69C6B44A6426A8 /* libPods-mytool-oc.a in Frameworks */ = {isa = PBXBuildFile; fileRef = D50698E34E2B69F8CB2E7009 /* libPods-mytool-oc.a */; };
/* End PBXBuildFile section */

/* Begin PBXContainerItemProxy section */
		188915301E5DE4200058F3A4 /* PBXContainerItemProxy */ = {
			isa = PBXContainerItemProxy;
			containerPortal = 1889150B1E5DE4200058F3A4 /* Project object */;
			proxyType = 1;
			remoteGlobalIDString = 188915121E5DE4200058F3A4;
			remoteInfo = "mytool-oc";
		};
		1889153B1E5DE4200058F3A4 /* PBXContainerItemProxy */ = {
			isa = PBXContainerItemProxy;
			containerPortal = 1889150B1E5DE4200058F3A4 /* Project object */;
			proxyType = 1;
			remoteGlobalIDString = 188915121E5DE4200058F3A4;
			remoteInfo = "mytool-oc";
		};
/* End PBXContainerItemProxy section */

/* Begin PBXFileReference section */
		1803DD6B1E7848B9006D950F /* NSDate+MJ.h */ = {isa = PBXFileReference; fileEncoding = 4; lastKnownFileType = sourcecode.c.h; path = "NSDate+MJ.h"; sourceTree = "<group>"; };
		1803DD6C1E7848B9006D950F /* NSDate+MJ.m */ = {isa = PBXFileReference; fileEncoding = 4; lastKnownFileType = sourcecode.c.objc; path = "NSDate+MJ.m"; sourceTree = "<group>"; };
		1803DD6D1E7848B9006D950F /* UIBarButtonItem+YJTBarButtonItem.h */ = {isa = PBXFileReference; fileEncoding = 4; lastKnownFileType = sourcecode.c.h; path = "UIBarButtonItem+YJTBarButtonItem.h"; sourceTree = "<group>"; };
		1803DD6E1E7848B9006D950F /* UIBarButtonItem+YJTBarButtonItem.m */ = {isa = PBXFileReference; fileEncoding = 4; lastKnownFileType = sourcecode.c.objc; path = "UIBarButtonItem+YJTBarButtonItem.m"; sourceTree = "<group>"; };
		1803DD6F1E7848B9006D950F /* UIImage+YJTUIImage.h */ = {isa = PBXFileReference; fileEncoding = 4; lastKnownFileType = sourcecode.c.h; path = "UIImage+YJTUIImage.h"; sourceTree = "<group>"; };
		1803DD701E7848B9006D950F /* UIImage+YJTUIImage.m */ = {isa = PBXFileReference; fileEncoding = 4; lastKnownFileType = sourcecode.c.objc; path = "UIImage+YJTUIImage.m"; sourceTree = "<group>"; };
		1803DD711E7848B9006D950F /* UIView+Frame.h */ = {isa = PBXFileReference; fileEncoding = 4; lastKnownFileType = sourcecode.c.h; path = "UIView+Frame.h"; sourceTree = "<group>"; };
		1803DD721E7848B9006D950F /* UIView+Frame.m */ = {isa = PBXFileReference; fileEncoding = 4; lastKnownFileType = sourcecode.c.objc; path = "UIView+Frame.m"; sourceTree = "<group>"; };
		1803DD731E7848B9006D950F /* UIView+MBP.h */ = {isa = PBXFileReference; fileEncoding = 4; lastKnownFileType = sourcecode.c.h; name = "UIView+MBP.h"; path = "../Category/UIView+MBP.h"; sourceTree = "<group>"; };
		1803DD741E7848B9006D950F /* UIView+MBP.m */ = {isa = PBXFileReference; fileEncoding = 4; lastKnownFileType = sourcecode.c.objc; name = "UIView+MBP.m"; path = "../Category/UIView+MBP.m"; sourceTree = "<group>"; };
		1803DD8D1E784A8A006D950F /* DDNetworkTool.h */ = {isa = PBXFileReference; fileEncoding = 4; lastKnownFileType = sourcecode.c.h; name = DDNetworkTool.h; path = ../Category/DDNetworkTool.h; sourceTree = "<group>"; };
		1803DD8E1E784A8A006D950F /* DDNetworkTool.m */ = {isa = PBXFileReference; fileEncoding = 4; lastKnownFileType = sourcecode.c.objc; name = DDNetworkTool.m; path = ../Category/DDNetworkTool.m; sourceTree = "<group>"; };
		1803DD8F1E784A8A006D950F /* DDPhoneVersion.h */ = {isa = PBXFileReference; fileEncoding = 4; lastKnownFileType = sourcecode.c.h; name = DDPhoneVersion.h; path = ../Category/DDPhoneVersion.h; sourceTree = "<group>"; };
		1803DD901E784A8A006D950F /* DDPhoneVersion.m */ = {isa = PBXFileReference; fileEncoding = 4; lastKnownFileType = sourcecode.c.objc; name = DDPhoneVersion.m; path = ../Category/DDPhoneVersion.m; sourceTree = "<group>"; };
		1803DD911E784A8A006D950F /* LKBAFN.h */ = {isa = PBXFileReference; fileEncoding = 4; lastKnownFileType = sourcecode.c.h; name = LKBAFN.h; path = ../Category/LKBAFN.h; sourceTree = "<group>"; };
		1803DD921E784A8A006D950F /* LKBAFN.m */ = {isa = PBXFileReference; fileEncoding = 4; lastKnownFileType = sourcecode.c.objc; name = LKBAFN.m; path = ../Category/LKBAFN.m; sourceTree = "<group>"; };
		1803DD931E784A8A006D950F /* MBProgressHUD.bundle */ = {isa = PBXFileReference; lastKnownFileType = "wrapper.plug-in"; name = MBProgressHUD.bundle; path = ../Category/MBProgressHUD.bundle; sourceTree = "<group>"; };
		1803DD941E784A8A006D950F /* MBProgressHUD+MJ.h */ = {isa = PBXFileReference; fileEncoding = 4; lastKnownFileType = sourcecode.c.h; name = "MBProgressHUD+MJ.h"; path = "../Category/MBProgressHUD+MJ.h"; sourceTree = "<group>"; };
		1803DD951E784A8A006D950F /* MBProgressHUD+MJ.m */ = {isa = PBXFileReference; fileEncoding = 4; lastKnownFileType = sourcecode.c.objc; name = "MBProgressHUD+MJ.m"; path = "../Category/MBProgressHUD+MJ.m"; sourceTree = "<group>"; };
		185439771E6FC19A00D8BD85 /* LKBVC.h */ = {isa = PBXFileReference; fileEncoding = 4; lastKnownFileType = sourcecode.c.h; path = LKBVC.h; sourceTree = "<group>"; };
		185439781E6FC19A00D8BD85 /* LKBVC.m */ = {isa = PBXFileReference; fileEncoding = 4; lastKnownFileType = sourcecode.c.objc; path = LKBVC.m; sourceTree = "<group>"; };
		185439801E6FC1AE00D8BD85 /* LKBView.h */ = {isa = PBXFileReference; fileEncoding = 4; lastKnownFileType = sourcecode.c.h; path = LKBView.h; sourceTree = "<group>"; };
		185439811E6FC1AE00D8BD85 /* LKBView.m */ = {isa = PBXFileReference; fileEncoding = 4; lastKnownFileType = sourcecode.c.objc; path = LKBView.m; sourceTree = "<group>"; };
		185439851E6FC1CD00D8BD85 /* LKBButton.h */ = {isa = PBXFileReference; fileEncoding = 4; lastKnownFileType = sourcecode.c.h; path = LKBButton.h; sourceTree = "<group>"; };
		185439861E6FC1CD00D8BD85 /* LKBButton.m */ = {isa = PBXFileReference; fileEncoding = 4; lastKnownFileType = sourcecode.c.objc; path = LKBButton.m; sourceTree = "<group>"; };
		1854398A1E6FC1E800D8BD85 /* LKBTextView.h */ = {isa = PBXFileReference; fileEncoding = 4; lastKnownFileType = sourcecode.c.h; path = LKBTextView.h; sourceTree = "<group>"; };
		1854398B1E6FC1E800D8BD85 /* LKBTextView.m */ = {isa = PBXFileReference; fileEncoding = 4; lastKnownFileType = sourcecode.c.objc; path = LKBTextView.m; sourceTree = "<group>"; };
		1854398F1E6FC1FF00D8BD85 /* LKBTextField.h */ = {isa = PBXFileReference; fileEncoding = 4; lastKnownFileType = sourcecode.c.h; path = LKBTextField.h; sourceTree = "<group>"; };
		185439901E6FC1FF00D8BD85 /* LKBTextField.m */ = {isa = PBXFileReference; fileEncoding = 4; lastKnownFileType = sourcecode.c.objc; path = LKBTextField.m; sourceTree = "<group>"; };
		185439941E6FC21300D8BD85 /* LKBLabel.h */ = {isa = PBXFileReference; fileEncoding = 4; lastKnownFileType = sourcecode.c.h; path = LKBLabel.h; sourceTree = "<group>"; };
		185439951E6FC21300D8BD85 /* LKBLabel.m */ = {isa = PBXFileReference; fileEncoding = 4; lastKnownFileType = sourcecode.c.objc; path = LKBLabel.m; sourceTree = "<group>"; };
		185439991E6FC22F00D8BD85 /* LKBImageView.h */ = {isa = PBXFileReference; fileEncoding = 4; lastKnownFileType = sourcecode.c.h; path = LKBImageView.h; sourceTree = "<group>"; };
		1854399A1E6FC22F00D8BD85 /* LKBImageView.m */ = {isa = PBXFileReference; fileEncoding = 4; lastKnownFileType = sourcecode.c.objc; path = LKBImageView.m; sourceTree = "<group>"; };
		185439A31E6FC2E100D8BD85 /* HomeVC.h */ = {isa = PBXFileReference; fileEncoding = 4; lastKnownFileType = sourcecode.c.h; path = HomeVC.h; sourceTree = "<group>"; };
		185439A41E6FC2E100D8BD85 /* HomeVC.m */ = {isa = PBXFileReference; fileEncoding = 4; lastKnownFileType = sourcecode.c.objc; path = HomeVC.m; sourceTree = "<group>"; };
		185439AC1E6FC2F300D8BD85 /* MapVC.h */ = {isa = PBXFileReference; fileEncoding = 4; lastKnownFileType = sourcecode.c.h; path = MapVC.h; sourceTree = "<group>"; };
		185439AD1E6FC2F300D8BD85 /* MapVC.m */ = {isa = PBXFileReference; fileEncoding = 4; lastKnownFileType = sourcecode.c.objc; path = MapVC.m; sourceTree = "<group>"; };
		185439AE1E6FC2F300D8BD85 /* MapVC.xib */ = {isa = PBXFileReference; fileEncoding = 4; lastKnownFileType = file.xib; path = MapVC.xib; sourceTree = "<group>"; };
		185439B51E6FC30200D8BD85 /* AddVC.h */ = {isa = PBXFileReference; fileEncoding = 4; lastKnownFileType = sourcecode.c.h; path = AddVC.h; sourceTree = "<group>"; };
		185439B61E6FC30200D8BD85 /* AddVC.m */ = {isa = PBXFileReference; fileEncoding = 4; lastKnownFileType = sourcecode.c.objc; path = AddVC.m; sourceTree = "<group>"; };
		185439B71E6FC30200D8BD85 /* AddVC.xib */ = {isa = PBXFileReference; fileEncoding = 4; lastKnownFileType = file.xib; path = AddVC.xib; sourceTree = "<group>"; };
		185439BE1E6FC31100D8BD85 /* LiveVC.h */ = {isa = PBXFileReference; fileEncoding = 4; lastKnownFileType = sourcecode.c.h; path = LiveVC.h; sourceTree = "<group>"; };
		185439BF1E6FC31100D8BD85 /* LiveVC.m */ = {isa = PBXFileReference; fileEncoding = 4; lastKnownFileType = sourcecode.c.objc; path = LiveVC.m; sourceTree = "<group>"; };
		185439C01E6FC31100D8BD85 /* LiveVC.xib */ = {isa = PBXFileReference; fileEncoding = 4; lastKnownFileType = file.xib; path = LiveVC.xib; sourceTree = "<group>"; };
		185439C71E6FC31E00D8BD85 /* MeVC.h */ = {isa = PBXFileReference; fileEncoding = 4; lastKnownFileType = sourcecode.c.h; path = MeVC.h; sourceTree = "<group>"; };
		185439C81E6FC31E00D8BD85 /* MeVC.m */ = {isa = PBXFileReference; fileEncoding = 4; lastKnownFileType = sourcecode.c.objc; path = MeVC.m; sourceTree = "<group>"; };
		185439C91E6FC31E00D8BD85 /* MeVC.xib */ = {isa = PBXFileReference; fileEncoding = 4; lastKnownFileType = file.xib; path = MeVC.xib; sourceTree = "<group>"; };
		185439D01E6FC60200D8BD85 /* LKBTabBarController.h */ = {isa = PBXFileReference; fileEncoding = 4; lastKnownFileType = sourcecode.c.h; path = LKBTabBarController.h; sourceTree = "<group>"; };
		185439D11E6FC60200D8BD85 /* LKBTabBarController.m */ = {isa = PBXFileReference; fileEncoding = 4; lastKnownFileType = sourcecode.c.objc; path = LKBTabBarController.m; sourceTree = "<group>"; };
		185439D91E6FC61B00D8BD85 /* LKBTableVC.h */ = {isa = PBXFileReference; fileEncoding = 4; lastKnownFileType = sourcecode.c.h; path = LKBTableVC.h; sourceTree = "<group>"; };
		185439DA1E6FC61B00D8BD85 /* LKBTableVC.m */ = {isa = PBXFileReference; fileEncoding = 4; lastKnownFileType = sourcecode.c.objc; path = LKBTableVC.m; sourceTree = "<group>"; };
		185439E21E6FC63500D8BD85 /* LKBCollectionVC.h */ = {isa = PBXFileReference; fileEncoding = 4; lastKnownFileType = sourcecode.c.h; path = LKBCollectionVC.h; sourceTree = "<group>"; };
		185439E31E6FC63500D8BD85 /* LKBCollectionVC.m */ = {isa = PBXFileReference; fileEncoding = 4; lastKnownFileType = sourcecode.c.objc; path = LKBCollectionVC.m; sourceTree = "<group>"; };
		185439EB1E6FC66200D8BD85 /* LKBKit.h */ = {isa = PBXFileReference; fileEncoding = 4; lastKnownFileType = sourcecode.c.h; path = LKBKit.h; sourceTree = "<group>"; };
		185439ED1E6FC75E00D8BD85 /* TabBarController.h */ = {isa = PBXFileReference; fileEncoding = 4; lastKnownFileType = sourcecode.c.h; path = TabBarController.h; sourceTree = "<group>"; };
		185439EE1E6FC75E00D8BD85 /* TabBarController.m */ = {isa = PBXFileReference; fileEncoding = 4; lastKnownFileType = sourcecode.c.objc; path = TabBarController.m; sourceTree = "<group>"; };
		185439EF1E6FC75E00D8BD85 /* TabBarController.xib */ = {isa = PBXFileReference; fileEncoding = 4; lastKnownFileType = file.xib; path = TabBarController.xib; sourceTree = "<group>"; };
		185439F61E6FC78700D8BD85 /* LKBTabBar.h */ = {isa = PBXFileReference; fileEncoding = 4; lastKnownFileType = sourcecode.c.h; path = LKBTabBar.h; sourceTree = "<group>"; };
		185439F71E6FC78700D8BD85 /* LKBTabBar.m */ = {isa = PBXFileReference; fileEncoding = 4; lastKnownFileType = sourcecode.c.objc; path = LKBTabBar.m; sourceTree = "<group>"; };
		185439FB1E6FECB200D8BD85 /* Launch Screen.storyboard */ = {isa = PBXFileReference; fileEncoding = 4; lastKnownFileType = file.storyboard; path = "Launch Screen.storyboard"; sourceTree = "<group>"; };
		18543B211E70043800D8BD85 /* Color.h */ = {isa = PBXFileReference; lastKnownFileType = sourcecode.c.h; path = Color.h; sourceTree = "<group>"; };
		18543B221E70047F00D8BD85 /* Size.h */ = {isa = PBXFileReference; fileEncoding = 4; lastKnownFileType = sourcecode.c.h; path = Size.h; sourceTree = "<group>"; };
		18543B231E70277300D8BD85 /* OptionButton.h */ = {isa = PBXFileReference; fileEncoding = 4; lastKnownFileType = sourcecode.c.h; path = OptionButton.h; sourceTree = "<group>"; };
		18543B241E70277300D8BD85 /* OptionButton.m */ = {isa = PBXFileReference; fileEncoding = 4; lastKnownFileType = sourcecode.c.objc; path = OptionButton.m; sourceTree = "<group>"; };
		18543B281E7027B600D8BD85 /* UIView+Util.h */ = {isa = PBXFileReference; fileEncoding = 4; lastKnownFileType = sourcecode.c.h; path = "UIView+Util.h"; sourceTree = "<group>"; };
		18543B291E7027B600D8BD85 /* UIView+Util.m */ = {isa = PBXFileReference; fileEncoding = 4; lastKnownFileType = sourcecode.c.objc; path = "UIView+Util.m"; sourceTree = "<group>"; };
		18543B2D1E7027C600D8BD85 /* UIColor+Util.h */ = {isa = PBXFileReference; fileEncoding = 4; lastKnownFileType = sourcecode.c.h; path = "UIColor+Util.h"; sourceTree = "<group>"; };
		18543B2E1E7027C600D8BD85 /* UIColor+Util.m */ = {isa = PBXFileReference; fileEncoding = 4; lastKnownFileType = sourcecode.c.objc; path = "UIColor+Util.m"; sourceTree = "<group>"; };
		18543B351E702EAC00D8BD85 /* LKBLoginVC.h */ = {isa = PBXFileReference; fileEncoding = 4; lastKnownFileType = sourcecode.c.h; path = LKBLoginVC.h; sourceTree = "<group>"; };
		18543B361E702EAC00D8BD85 /* LKBLoginVC.m */ = {isa = PBXFileReference; fileEncoding = 4; lastKnownFileType = sourcecode.c.objc; path = LKBLoginVC.m; sourceTree = "<group>"; };
		18543B371E702EAC00D8BD85 /* LKBLoginVC.xib */ = {isa = PBXFileReference; fileEncoding = 4; lastKnownFileType = file.xib; path = LKBLoginVC.xib; sourceTree = "<group>"; };
		18543B3E1E702ED900D8BD85 /* LKBRegisterVC.h */ = {isa = PBXFileReference; fileEncoding = 4; lastKnownFileType = sourcecode.c.h; path = LKBRegisterVC.h; sourceTree = "<group>"; };
		18543B3F1E702ED900D8BD85 /* LKBRegisterVC.m */ = {isa = PBXFileReference; fileEncoding = 4; lastKnownFileType = sourcecode.c.objc; path = LKBRegisterVC.m; sourceTree = "<group>"; };
		18543B401E702ED900D8BD85 /* LKBRegisterVC.xib */ = {isa = PBXFileReference; fileEncoding = 4; lastKnownFileType = file.xib; path = LKBRegisterVC.xib; sourceTree = "<group>"; };
		18543B471E702EF100D8BD85 /* LKBGuideVC.h */ = {isa = PBXFileReference; fileEncoding = 4; lastKnownFileType = sourcecode.c.h; path = LKBGuideVC.h; sourceTree = "<group>"; };
		18543B481E702EF100D8BD85 /* LKBGuideVC.m */ = {isa = PBXFileReference; fileEncoding = 4; lastKnownFileType = sourcecode.c.objc; path = LKBGuideVC.m; sourceTree = "<group>"; };
		18543B491E702EF100D8BD85 /* LKBGuideVC.xib */ = {isa = PBXFileReference; fileEncoding = 4; lastKnownFileType = file.xib; path = LKBGuideVC.xib; sourceTree = "<group>"; };
		18543B511E7058FC00D8BD85 /* HomeVC.storyboard */ = {isa = PBXFileReference; fileEncoding = 4; lastKnownFileType = file.storyboard; path = HomeVC.storyboard; sourceTree = "<group>"; };
		188915131E5DE4200058F3A4 /* mytool-oc.app */ = {isa = PBXFileReference; explicitFileType = wrapper.application; includeInIndex = 0; path = "mytool-oc.app"; sourceTree = BUILT_PRODUCTS_DIR; };
		188915171E5DE4200058F3A4 /* main.m */ = {isa = PBXFileReference; lastKnownFileType = sourcecode.c.objc; path = main.m; sourceTree = "<group>"; };
		188915191E5DE4200058F3A4 /* AppDelegate.h */ = {isa = PBXFileReference; lastKnownFileType = sourcecode.c.h; name = AppDelegate.h; path = ../AppDelegate.h; sourceTree = "<group>"; };
		1889151A1E5DE4200058F3A4 /* AppDelegate.m */ = {isa = PBXFileReference; lastKnownFileType = sourcecode.c.objc; name = AppDelegate.m; path = ../AppDelegate.m; sourceTree = "<group>"; };
		188915231E5DE4200058F3A4 /* mytool_oc.xcdatamodel */ = {isa = PBXFileReference; lastKnownFileType = wrapper.xcdatamodel; path = mytool_oc.xcdatamodel; sourceTree = "<group>"; };
		188915251E5DE4200058F3A4 /* Assets.xcassets */ = {isa = PBXFileReference; lastKnownFileType = folder.assetcatalog; path = Assets.xcassets; sourceTree = "<group>"; };
		1889152A1E5DE4200058F3A4 /* Info.plist */ = {isa = PBXFileReference; lastKnownFileType = text.plist.xml; path = Info.plist; sourceTree = "<group>"; };
		1889152F1E5DE4200058F3A4 /* mytool-ocTests.xctest */ = {isa = PBXFileReference; explicitFileType = wrapper.cfbundle; includeInIndex = 0; path = "mytool-ocTests.xctest"; sourceTree = BUILT_PRODUCTS_DIR; };
		188915331E5DE4200058F3A4 /* mytool_ocTests.m */ = {isa = PBXFileReference; lastKnownFileType = sourcecode.c.objc; path = mytool_ocTests.m; sourceTree = "<group>"; };
		188915351E5DE4200058F3A4 /* Info.plist */ = {isa = PBXFileReference; lastKnownFileType = text.plist.xml; path = Info.plist; sourceTree = "<group>"; };
		1889153A1E5DE4200058F3A4 /* mytool-ocUITests.xctest */ = {isa = PBXFileReference; explicitFileType = wrapper.cfbundle; includeInIndex = 0; path = "mytool-ocUITests.xctest"; sourceTree = BUILT_PRODUCTS_DIR; };
		1889153E1E5DE4200058F3A4 /* mytool_ocUITests.m */ = {isa = PBXFileReference; lastKnownFileType = sourcecode.c.objc; path = mytool_ocUITests.m; sourceTree = "<group>"; };
		188915401E5DE4200058F3A4 /* Info.plist */ = {isa = PBXFileReference; lastKnownFileType = text.plist.xml; path = Info.plist; sourceTree = "<group>"; };
		188915561E5DEA1A0058F3A4 /* LKBApi.h */ = {isa = PBXFileReference; fileEncoding = 4; lastKnownFileType = sourcecode.c.h; path = LKBApi.h; sourceTree = "<group>"; };
		188915571E5DEDD60058F3A4 /* PrefixHeader.pch */ = {isa = PBXFileReference; fileEncoding = 4; lastKnownFileType = sourcecode.c.h; path = PrefixHeader.pch; sourceTree = "<group>"; };
		189039B11E79457A0098C7C2 /* weatherCell.xib */ = {isa = PBXFileReference; fileEncoding = 4; lastKnownFileType = file.xib; path = weatherCell.xib; sourceTree = "<group>"; };
		189039B51E7945830098C7C2 /* newsCell.xib */ = {isa = PBXFileReference; fileEncoding = 4; lastKnownFileType = file.xib; path = newsCell.xib; sourceTree = "<group>"; };
		189039B91E7979450098C7C2 /* testCell.h */ = {isa = PBXFileReference; fileEncoding = 4; lastKnownFileType = sourcecode.c.h; path = testCell.h; sourceTree = "<group>"; };
		189039BA1E7979450098C7C2 /* testCell.m */ = {isa = PBXFileReference; fileEncoding = 4; lastKnownFileType = sourcecode.c.objc; path = testCell.m; sourceTree = "<group>"; };
		189039BB1E7979450098C7C2 /* testCell.xib */ = {isa = PBXFileReference; fileEncoding = 4; lastKnownFileType = file.xib; path = testCell.xib; sourceTree = "<group>"; };
		189039C21E79818B0098C7C2 /* weatherCell.h */ = {isa = PBXFileReference; fileEncoding = 4; lastKnownFileType = sourcecode.c.h; path = weatherCell.h; sourceTree = "<group>"; };
		189039C31E79818B0098C7C2 /* weatherCell.m */ = {isa = PBXFileReference; fileEncoding = 4; lastKnownFileType = sourcecode.c.objc; path = weatherCell.m; sourceTree = "<group>"; };
		189039C71E7981980098C7C2 /* newsCell.h */ = {isa = PBXFileReference; fileEncoding = 4; lastKnownFileType = sourcecode.c.h; path = newsCell.h; sourceTree = "<group>"; };
		189039C81E7981980098C7C2 /* newsCell.m */ = {isa = PBXFileReference; fileEncoding = 4; lastKnownFileType = sourcecode.c.objc; path = newsCell.m; sourceTree = "<group>"; };
		18FF5B141E716062002A771D /* ObjcRuntime.h */ = {isa = PBXFileReference; fileEncoding = 4; lastKnownFileType = sourcecode.c.h; path = ObjcRuntime.h; sourceTree = "<group>"; };
		18FF5B151E716062002A771D /* ObjcRuntime.m */ = {isa = PBXFileReference; fileEncoding = 4; lastKnownFileType = sourcecode.c.objc; path = ObjcRuntime.m; sourceTree = "<group>"; };
		1952EB64C1CE0ED94E818D98 /* Pods-mytool-oc.release.xcconfig */ = {isa = PBXFileReference; includeInIndex = 1; lastKnownFileType = text.xcconfig; name = "Pods-mytool-oc.release.xcconfig"; path = "Pods/Target Support Files/Pods-mytool-oc/Pods-mytool-oc.release.xcconfig"; sourceTree = "<group>"; };
		CE054EE01017C42AE6A79571 /* Pods-mytool-oc.debug.xcconfig */ = {isa = PBXFileReference; includeInIndex = 1; lastKnownFileType = text.xcconfig; name = "Pods-mytool-oc.debug.xcconfig"; path = "Pods/Target Support Files/Pods-mytool-oc/Pods-mytool-oc.debug.xcconfig"; sourceTree = "<group>"; };
		D50698E34E2B69F8CB2E7009 /* libPods-mytool-oc.a */ = {isa = PBXFileReference; explicitFileType = archive.ar; includeInIndex = 0; path = "libPods-mytool-oc.a"; sourceTree = BUILT_PRODUCTS_DIR; };
/* End PBXFileReference section */

/* Begin PBXFrameworksBuildPhase section */
		188915101E5DE4200058F3A4 /* Frameworks */ = {
			isa = PBXFrameworksBuildPhase;
			buildActionMask = 2147483647;
			files = (
				9DD27EB5BB69C6B44A6426A8 /* libPods-mytool-oc.a in Frameworks */,
			);
			runOnlyForDeploymentPostprocessing = 0;
		};
		1889152C1E5DE4200058F3A4 /* Frameworks */ = {
			isa = PBXFrameworksBuildPhase;
			buildActionMask = 2147483647;
			files = (
			);
			runOnlyForDeploymentPostprocessing = 0;
		};
		188915371E5DE4200058F3A4 /* Frameworks */ = {
			isa = PBXFrameworksBuildPhase;
			buildActionMask = 2147483647;
			files = (
			);
			runOnlyForDeploymentPostprocessing = 0;
		};
/* End PBXFrameworksBuildPhase section */

/* Begin PBXGroup section */
		0130102FFBE98D8EE47F198E /* Pods */ = {
			isa = PBXGroup;
			children = (
				CE054EE01017C42AE6A79571 /* Pods-mytool-oc.debug.xcconfig */,
				1952EB64C1CE0ED94E818D98 /* Pods-mytool-oc.release.xcconfig */,
			);
			name = Pods;
			sourceTree = "<group>";
		};
		1854399E1E6FC26E00D8BD85 /* Home */ = {
			isa = PBXGroup;
			children = (
				185439A31E6FC2E100D8BD85 /* HomeVC.h */,
				185439A41E6FC2E100D8BD85 /* HomeVC.m */,
				18543B511E7058FC00D8BD85 /* HomeVC.storyboard */,
				189039C21E79818B0098C7C2 /* weatherCell.h */,
				189039C31E79818B0098C7C2 /* weatherCell.m */,
				189039B11E79457A0098C7C2 /* weatherCell.xib */,
				189039C71E7981980098C7C2 /* newsCell.h */,
				189039C81E7981980098C7C2 /* newsCell.m */,
				189039B51E7945830098C7C2 /* newsCell.xib */,
				189039B91E7979450098C7C2 /* testCell.h */,
				189039BA1E7979450098C7C2 /* testCell.m */,
				189039BB1E7979450098C7C2 /* testCell.xib */,
			);
			name = Home;
			sourceTree = "<group>";
		};
		1854399F1E6FC28000D8BD85 /* Map */ = {
			isa = PBXGroup;
			children = (
				185439AC1E6FC2F300D8BD85 /* MapVC.h */,
				185439AD1E6FC2F300D8BD85 /* MapVC.m */,
				185439AE1E6FC2F300D8BD85 /* MapVC.xib */,
			);
			name = Map;
			sourceTree = "<group>";
		};
		185439A01E6FC29000D8BD85 /* Add */ = {
			isa = PBXGroup;
			children = (
				185439B51E6FC30200D8BD85 /* AddVC.h */,
				185439B61E6FC30200D8BD85 /* AddVC.m */,
				185439B71E6FC30200D8BD85 /* AddVC.xib */,
			);
			name = Add;
			sourceTree = "<group>";
		};
		185439A11E6FC2AC00D8BD85 /* Live */ = {
			isa = PBXGroup;
			children = (
				185439BE1E6FC31100D8BD85 /* LiveVC.h */,
				185439BF1E6FC31100D8BD85 /* LiveVC.m */,
				185439C01E6FC31100D8BD85 /* LiveVC.xib */,
			);
			name = Live;
			sourceTree = "<group>";
		};
		185439A21E6FC2B600D8BD85 /* Me */ = {
			isa = PBXGroup;
			children = (
				185439C71E6FC31E00D8BD85 /* MeVC.h */,
				185439C81E6FC31E00D8BD85 /* MeVC.m */,
				185439C91E6FC31E00D8BD85 /* MeVC.xib */,
			);
			name = Me;
			sourceTree = "<group>";
		};
		185439EC1E6FC71600D8BD85 /* TabBarController */ = {
			isa = PBXGroup;
			children = (
				18543B321E702D7A00D8BD85 /* GuideVC */,
				18543B231E70277300D8BD85 /* OptionButton.h */,
				18543B241E70277300D8BD85 /* OptionButton.m */,
				185439ED1E6FC75E00D8BD85 /* TabBarController.h */,
				185439EE1E6FC75E00D8BD85 /* TabBarController.m */,
				185439EF1E6FC75E00D8BD85 /* TabBarController.xib */,
			);
			name = TabBarController;
			sourceTree = "<group>";
		};
		18543B321E702D7A00D8BD85 /* GuideVC */ = {
			isa = PBXGroup;
			children = (
				18543B471E702EF100D8BD85 /* LKBGuideVC.h */,
				18543B481E702EF100D8BD85 /* LKBGuideVC.m */,
				18543B491E702EF100D8BD85 /* LKBGuideVC.xib */,
			);
			name = GuideVC;
			sourceTree = "<group>";
		};
		18543B331E702DCC00D8BD85 /* Common */ = {
			isa = PBXGroup;
			children = (
				18543B501E702F1F00D8BD85 /* CoreModel */,
				18543B351E702EAC00D8BD85 /* LKBLoginVC.h */,
				18543B361E702EAC00D8BD85 /* LKBLoginVC.m */,
				18543B371E702EAC00D8BD85 /* LKBLoginVC.xib */,
				18543B3E1E702ED900D8BD85 /* LKBRegisterVC.h */,
				18543B3F1E702ED900D8BD85 /* LKBRegisterVC.m */,
				18543B401E702ED900D8BD85 /* LKBRegisterVC.xib */,
			);
			name = Common;
			sourceTree = "<group>";
		};
		18543B501E702F1F00D8BD85 /* CoreModel */ = {
			isa = PBXGroup;
			children = (
			);
			name = CoreModel;
			sourceTree = "<group>";
		};
		1889150A1E5DE4200058F3A4 = {
			isa = PBXGroup;
			children = (
				188915151E5DE4200058F3A4 /* mytool-oc */,
				188915321E5DE4200058F3A4 /* mytool-ocTests */,
				1889153D1E5DE4200058F3A4 /* mytool-ocUITests */,
				188915141E5DE4200058F3A4 /* Products */,
				0130102FFBE98D8EE47F198E /* Pods */,
				A191C12E902CCB09FDC0E357 /* Frameworks */,
			);
			sourceTree = "<group>";
		};
		188915141E5DE4200058F3A4 /* Products */ = {
			isa = PBXGroup;
			children = (
				188915131E5DE4200058F3A4 /* mytool-oc.app */,
				1889152F1E5DE4200058F3A4 /* mytool-ocTests.xctest */,
				1889153A1E5DE4200058F3A4 /* mytool-ocUITests.xctest */,
			);
			name = Products;
			sourceTree = "<group>";
		};
		188915151E5DE4200058F3A4 /* mytool-oc */ = {
			isa = PBXGroup;
			children = (
				1889154C1E5DE8280058F3A4 /* Application */,
				18FF599C1E71339C002A771D /* BaseModels */,
				1889154D1E5DE8280058F3A4 /* BaseClass */,
				1889154E1E5DE8280058F3A4 /* Category */,
				1889154F1E5DE8280058F3A4 /* Module */,
				188915501E5DE8280058F3A4 /* Resources */,
				188915511E5DE8280058F3A4 /* Runtime */,
				188915521E5DE8280058F3A4 /* Utils */,
				188915531E5DE8280058F3A4 /* Vendor */,
				188915251E5DE4200058F3A4 /* Assets.xcassets */,
				188915161E5DE4200058F3A4 /* Supporting Files */,
			);
			path = "mytool-oc";
			sourceTree = "<group>";
		};
		188915161E5DE4200058F3A4 /* Supporting Files */ = {
			isa = PBXGroup;
			children = (
				1889152A1E5DE4200058F3A4 /* Info.plist */,
				188915221E5DE4200058F3A4 /* mytool_oc.xcdatamodeld */,
				188915171E5DE4200058F3A4 /* main.m */,
				188915571E5DEDD60058F3A4 /* PrefixHeader.pch */,
				185439FB1E6FECB200D8BD85 /* Launch Screen.storyboard */,
			);
			name = "Supporting Files";
			sourceTree = "<group>";
		};
		188915321E5DE4200058F3A4 /* mytool-ocTests */ = {
			isa = PBXGroup;
			children = (
				188915331E5DE4200058F3A4 /* mytool_ocTests.m */,
				188915351E5DE4200058F3A4 /* Info.plist */,
			);
			path = "mytool-ocTests";
			sourceTree = "<group>";
		};
		1889153D1E5DE4200058F3A4 /* mytool-ocUITests */ = {
			isa = PBXGroup;
			children = (
				1889153E1E5DE4200058F3A4 /* mytool_ocUITests.m */,
				188915401E5DE4200058F3A4 /* Info.plist */,
			);
			path = "mytool-ocUITests";
			sourceTree = "<group>";
		};
		1889154C1E5DE8280058F3A4 /* Application */ = {
			isa = PBXGroup;
			children = (
				188915191E5DE4200058F3A4 /* AppDelegate.h */,
				1889151A1E5DE4200058F3A4 /* AppDelegate.m */,
				188915561E5DEA1A0058F3A4 /* LKBApi.h */,
				18543B211E70043800D8BD85 /* Color.h */,
				18543B221E70047F00D8BD85 /* Size.h */,
			);
			path = Application;
			sourceTree = "<group>";
		};
		1889154D1E5DE8280058F3A4 /* BaseClass */ = {
			isa = PBXGroup;
			children = (
				185439EB1E6FC66200D8BD85 /* LKBKit.h */,
				185439771E6FC19A00D8BD85 /* LKBVC.h */,
				185439781E6FC19A00D8BD85 /* LKBVC.m */,
				185439801E6FC1AE00D8BD85 /* LKBView.h */,
				185439811E6FC1AE00D8BD85 /* LKBView.m */,
				185439851E6FC1CD00D8BD85 /* LKBButton.h */,
				185439861E6FC1CD00D8BD85 /* LKBButton.m */,
				1854398A1E6FC1E800D8BD85 /* LKBTextView.h */,
				1854398B1E6FC1E800D8BD85 /* LKBTextView.m */,
				1854398F1E6FC1FF00D8BD85 /* LKBTextField.h */,
				185439901E6FC1FF00D8BD85 /* LKBTextField.m */,
				185439941E6FC21300D8BD85 /* LKBLabel.h */,
				185439951E6FC21300D8BD85 /* LKBLabel.m */,
				185439991E6FC22F00D8BD85 /* LKBImageView.h */,
				1854399A1E6FC22F00D8BD85 /* LKBImageView.m */,
				185439D01E6FC60200D8BD85 /* LKBTabBarController.h */,
				185439D11E6FC60200D8BD85 /* LKBTabBarController.m */,
				185439D91E6FC61B00D8BD85 /* LKBTableVC.h */,
				185439DA1E6FC61B00D8BD85 /* LKBTableVC.m */,
				185439E21E6FC63500D8BD85 /* LKBCollectionVC.h */,
				185439E31E6FC63500D8BD85 /* LKBCollectionVC.m */,
				185439F61E6FC78700D8BD85 /* LKBTabBar.h */,
				185439F71E6FC78700D8BD85 /* LKBTabBar.m */,
			);
			path = BaseClass;
			sourceTree = "<group>";
		};
		1889154E1E5DE8280058F3A4 /* Category */ = {
			isa = PBXGroup;
			children = (
				18543B281E7027B600D8BD85 /* UIView+Util.h */,
				18543B291E7027B600D8BD85 /* UIView+Util.m */,
				18543B2D1E7027C600D8BD85 /* UIColor+Util.h */,
				18543B2E1E7027C600D8BD85 /* UIColor+Util.m */,
				1803DD6B1E7848B9006D950F /* NSDate+MJ.h */,
				1803DD6C1E7848B9006D950F /* NSDate+MJ.m */,
				1803DD6D1E7848B9006D950F /* UIBarButtonItem+YJTBarButtonItem.h */,
				1803DD6E1E7848B9006D950F /* UIBarButtonItem+YJTBarButtonItem.m */,
				1803DD6F1E7848B9006D950F /* UIImage+YJTUIImage.h */,
				1803DD701E7848B9006D950F /* UIImage+YJTUIImage.m */,
				1803DD711E7848B9006D950F /* UIView+Frame.h */,
				1803DD721E7848B9006D950F /* UIView+Frame.m */,
			);
			path = Category;
			sourceTree = "<group>";
		};
		1889154F1E5DE8280058F3A4 /* Module */ = {
			isa = PBXGroup;
			children = (
				18543B331E702DCC00D8BD85 /* Common */,
				185439EC1E6FC71600D8BD85 /* TabBarController */,
				185439A21E6FC2B600D8BD85 /* Me */,
				185439A11E6FC2AC00D8BD85 /* Live */,
				185439A01E6FC29000D8BD85 /* Add */,
				1854399F1E6FC28000D8BD85 /* Map */,
				1854399E1E6FC26E00D8BD85 /* Home */,
			);
			path = Module;
			sourceTree = "<group>";
		};
		188915501E5DE8280058F3A4 /* Resources */ = {
			isa = PBXGroup;
			children = (
			);
			path = Resources;
			sourceTree = "<group>";
		};
		188915511E5DE8280058F3A4 /* Runtime */ = {
			isa = PBXGroup;
			children = (
				18FF5B141E716062002A771D /* ObjcRuntime.h */,
				18FF5B151E716062002A771D /* ObjcRuntime.m */,
			);
			path = Runtime;
			sourceTree = "<group>";
		};
		188915521E5DE8280058F3A4 /* Utils */ = {
			isa = PBXGroup;
			children = (
				1803DD8D1E784A8A006D950F /* DDNetworkTool.h */,
				1803DD8E1E784A8A006D950F /* DDNetworkTool.m */,
				1803DD8F1E784A8A006D950F /* DDPhoneVersion.h */,
				1803DD901E784A8A006D950F /* DDPhoneVersion.m */,
				1803DD911E784A8A006D950F /* LKBAFN.h */,
				1803DD921E784A8A006D950F /* LKBAFN.m */,
				1803DD931E784A8A006D950F /* MBProgressHUD.bundle */,
				1803DD941E784A8A006D950F /* MBProgressHUD+MJ.h */,
				1803DD951E784A8A006D950F /* MBProgressHUD+MJ.m */,
				1803DD731E7848B9006D950F /* UIView+MBP.h */,
				1803DD741E7848B9006D950F /* UIView+MBP.m */,
			);
			path = Utils;
			sourceTree = "<group>";
		};
		188915531E5DE8280058F3A4 /* Vendor */ = {
			isa = PBXGroup;
			children = (
			);
			path = Vendor;
			sourceTree = "<group>";
		};
		18FF599C1E71339C002A771D /* BaseModels */ = {
			isa = PBXGroup;
			children = (
			);
			name = BaseModels;
			path = Models;
			sourceTree = "<group>";
		};
		A191C12E902CCB09FDC0E357 /* Frameworks */ = {
			isa = PBXGroup;
			children = (
				D50698E34E2B69F8CB2E7009 /* libPods-mytool-oc.a */,
			);
			name = Frameworks;
			sourceTree = "<group>";
		};
/* End PBXGroup section */

/* Begin PBXNativeTarget section */
		188915121E5DE4200058F3A4 /* mytool-oc */ = {
			isa = PBXNativeTarget;
			buildConfigurationList = 188915431E5DE4200058F3A4 /* Build configuration list for PBXNativeTarget "mytool-oc" */;
			buildPhases = (
				C8118F7B7863285539B93C8C /* [CP] Check Pods Manifest.lock */,
				1889150F1E5DE4200058F3A4 /* Sources */,
				188915101E5DE4200058F3A4 /* Frameworks */,
				188915111E5DE4200058F3A4 /* Resources */,
				3972B50433F0F17FABCAF6F0 /* [CP] Embed Pods Frameworks */,
				3DA9A5B8CD626F47893B0651 /* [CP] Copy Pods Resources */,
			);
			buildRules = (
			);
			dependencies = (
			);
			name = "mytool-oc";
			productName = "mytool-oc";
			productReference = 188915131E5DE4200058F3A4 /* mytool-oc.app */;
			productType = "com.apple.product-type.application";
		};
		1889152E1E5DE4200058F3A4 /* mytool-ocTests */ = {
			isa = PBXNativeTarget;
			buildConfigurationList = 188915461E5DE4200058F3A4 /* Build configuration list for PBXNativeTarget "mytool-ocTests" */;
			buildPhases = (
				1889152B1E5DE4200058F3A4 /* Sources */,
				1889152C1E5DE4200058F3A4 /* Frameworks */,
				1889152D1E5DE4200058F3A4 /* Resources */,
			);
			buildRules = (
			);
			dependencies = (
				188915311E5DE4200058F3A4 /* PBXTargetDependency */,
			);
			name = "mytool-ocTests";
			productName = "mytool-ocTests";
			productReference = 1889152F1E5DE4200058F3A4 /* mytool-ocTests.xctest */;
			productType = "com.apple.product-type.bundle.unit-test";
		};
		188915391E5DE4200058F3A4 /* mytool-ocUITests */ = {
			isa = PBXNativeTarget;
			buildConfigurationList = 188915491E5DE4200058F3A4 /* Build configuration list for PBXNativeTarget "mytool-ocUITests" */;
			buildPhases = (
				188915361E5DE4200058F3A4 /* Sources */,
				188915371E5DE4200058F3A4 /* Frameworks */,
				188915381E5DE4200058F3A4 /* Resources */,
			);
			buildRules = (
			);
			dependencies = (
				1889153C1E5DE4200058F3A4 /* PBXTargetDependency */,
			);
			name = "mytool-ocUITests";
			productName = "mytool-ocUITests";
			productReference = 1889153A1E5DE4200058F3A4 /* mytool-ocUITests.xctest */;
			productType = "com.apple.product-type.bundle.ui-testing";
		};
/* End PBXNativeTarget section */

/* Begin PBXProject section */
		1889150B1E5DE4200058F3A4 /* Project object */ = {
			isa = PBXProject;
			attributes = {
				CLASSPREFIX = LKB;
				LastUpgradeCheck = 0820;
				ORGANIZATIONNAME = "lkb-求工作qq:1218773641";
				TargetAttributes = {
					188915121E5DE4200058F3A4 = {
						CreatedOnToolsVersion = 8.2.1;
						ProvisioningStyle = Manual;
					};
					1889152E1E5DE4200058F3A4 = {
						CreatedOnToolsVersion = 8.2.1;
						DevelopmentTeam = E54YL2T5L5;
						ProvisioningStyle = Automatic;
						TestTargetID = 188915121E5DE4200058F3A4;
					};
					188915391E5DE4200058F3A4 = {
						CreatedOnToolsVersion = 8.2.1;
						DevelopmentTeam = E54YL2T5L5;
						ProvisioningStyle = Automatic;
						TestTargetID = 188915121E5DE4200058F3A4;
					};
				};
			};
			buildConfigurationList = 1889150E1E5DE4200058F3A4 /* Build configuration list for PBXProject "mytool-oc" */;
			compatibilityVersion = "Xcode 3.2";
			developmentRegion = English;
			hasScannedForEncodings = 0;
			knownRegions = (
				en,
				Base,
				"zh-Hans",
			);
			mainGroup = 1889150A1E5DE4200058F3A4;
			productRefGroup = 188915141E5DE4200058F3A4 /* Products */;
			projectDirPath = "";
			projectRoot = "";
			targets = (
				188915121E5DE4200058F3A4 /* mytool-oc */,
				1889152E1E5DE4200058F3A4 /* mytool-ocTests */,
				188915391E5DE4200058F3A4 /* mytool-ocUITests */,
			);
		};
/* End PBXProject section */

/* Begin PBXResourcesBuildPhase section */
		188915111E5DE4200058F3A4 /* Resources */ = {
			isa = PBXResourcesBuildPhase;
			buildActionMask = 2147483647;
			files = (
				18543B3B1E702EAC00D8BD85 /* LKBLoginVC.xib in Resources */,
				1803DD991E784A8A006D950F /* MBProgressHUD.bundle in Resources */,
				189039B21E79457A0098C7C2 /* weatherCell.xib in Resources */,
				185439F31E6FC75E00D8BD85 /* TabBarController.xib in Resources */,
				18543B4D1E702EF100D8BD85 /* LKBGuideVC.xib in Resources */,
				185439BB1E6FC30200D8BD85 /* AddVC.xib in Resources */,
				185439C41E6FC31100D8BD85 /* LiveVC.xib in Resources */,
				18543B441E702ED900D8BD85 /* LKBRegisterVC.xib in Resources */,
				189039BF1E7979450098C7C2 /* testCell.xib in Resources */,
				189039B61E7945830098C7C2 /* newsCell.xib in Resources */,
				185439FC1E6FECB200D8BD85 /* Launch Screen.storyboard in Resources */,
				18543B521E7058FC00D8BD85 /* HomeVC.storyboard in Resources */,
				185439CD1E6FC31E00D8BD85 /* MeVC.xib in Resources */,
				185439B21E6FC2F300D8BD85 /* MapVC.xib in Resources */,
				188915261E5DE4200058F3A4 /* Assets.xcassets in Resources */,
			);
			runOnlyForDeploymentPostprocessing = 0;
		};
		1889152D1E5DE4200058F3A4 /* Resources */ = {
			isa = PBXResourcesBuildPhase;
			buildActionMask = 2147483647;
			files = (
				185439BC1E6FC30200D8BD85 /* AddVC.xib in Resources */,
				18543B4E1E702EF100D8BD85 /* LKBGuideVC.xib in Resources */,
				18543B3C1E702EAC00D8BD85 /* LKBLoginVC.xib in Resources */,
				185439B31E6FC2F300D8BD85 /* MapVC.xib in Resources */,
				185439C51E6FC31100D8BD85 /* LiveVC.xib in Resources */,
				189039B31E79457A0098C7C2 /* weatherCell.xib in Resources */,
				189039B71E7945830098C7C2 /* newsCell.xib in Resources */,
				189039C01E7979450098C7C2 /* testCell.xib in Resources */,
				185439FD1E6FECB200D8BD85 /* Launch Screen.storyboard in Resources */,
				185439CE1E6FC31E00D8BD85 /* MeVC.xib in Resources */,
				185439F41E6FC75E00D8BD85 /* TabBarController.xib in Resources */,
				18543B451E702ED900D8BD85 /* LKBRegisterVC.xib in Resources */,
				18543B531E7058FC00D8BD85 /* HomeVC.storyboard in Resources */,
			);
			runOnlyForDeploymentPostprocessing = 0;
		};
		188915381E5DE4200058F3A4 /* Resources */ = {
			isa = PBXResourcesBuildPhase;
			buildActionMask = 2147483647;
			files = (
				185439BD1E6FC30200D8BD85 /* AddVC.xib in Resources */,
				18543B4F1E702EF100D8BD85 /* LKBGuideVC.xib in Resources */,
				18543B3D1E702EAC00D8BD85 /* LKBLoginVC.xib in Resources */,
				185439B41E6FC2F300D8BD85 /* MapVC.xib in Resources */,
				185439C61E6FC31100D8BD85 /* LiveVC.xib in Resources */,
				189039B41E79457A0098C7C2 /* weatherCell.xib in Resources */,
				189039B81E7945830098C7C2 /* newsCell.xib in Resources */,
				189039C11E7979450098C7C2 /* testCell.xib in Resources */,
				185439FE1E6FECB200D8BD85 /* Launch Screen.storyboard in Resources */,
				185439CF1E6FC31E00D8BD85 /* MeVC.xib in Resources */,
				185439F51E6FC75E00D8BD85 /* TabBarController.xib in Resources */,
				18543B461E702ED900D8BD85 /* LKBRegisterVC.xib in Resources */,
				18543B541E7058FC00D8BD85 /* HomeVC.storyboard in Resources */,
			);
			runOnlyForDeploymentPostprocessing = 0;
		};
/* End PBXResourcesBuildPhase section */

/* Begin PBXShellScriptBuildPhase section */
		3972B50433F0F17FABCAF6F0 /* [CP] Embed Pods Frameworks */ = {
			isa = PBXShellScriptBuildPhase;
			buildActionMask = 2147483647;
			files = (
			);
			inputPaths = (
			);
			name = "[CP] Embed Pods Frameworks";
			outputPaths = (
			);
			runOnlyForDeploymentPostprocessing = 0;
			shellPath = /bin/sh;
			shellScript = "\"${SRCROOT}/Pods/Target Support Files/Pods-mytool-oc/Pods-mytool-oc-frameworks.sh\"\n";
			showEnvVarsInLog = 0;
		};
		3DA9A5B8CD626F47893B0651 /* [CP] Copy Pods Resources */ = {
			isa = PBXShellScriptBuildPhase;
			buildActionMask = 2147483647;
			files = (
			);
			inputPaths = (
			);
			name = "[CP] Copy Pods Resources";
			outputPaths = (
			);
			runOnlyForDeploymentPostprocessing = 0;
			shellPath = /bin/sh;
			shellScript = "\"${SRCROOT}/Pods/Target Support Files/Pods-mytool-oc/Pods-mytool-oc-resources.sh\"\n";
			showEnvVarsInLog = 0;
		};
		C8118F7B7863285539B93C8C /* [CP] Check Pods Manifest.lock */ = {
			isa = PBXShellScriptBuildPhase;
			buildActionMask = 2147483647;
			files = (
			);
			inputPaths = (
			);
			name = "[CP] Check Pods Manifest.lock";
			outputPaths = (
			);
			runOnlyForDeploymentPostprocessing = 0;
			shellPath = /bin/sh;
			shellScript = "diff \"${PODS_ROOT}/../Podfile.lock\" \"${PODS_ROOT}/Manifest.lock\" > /dev/null\nif [ $? != 0 ] ; then\n    # print error to STDERR\n    echo \"error: The sandbox is not in sync with the Podfile.lock. Run 'pod install' or update your CocoaPods installation.\" >&2\n    exit 1\nfi\n";
			showEnvVarsInLog = 0;
		};
/* End PBXShellScriptBuildPhase section */

/* Begin PBXSourcesBuildPhase section */
		1889150F1E5DE4200058F3A4 /* Sources */ = {
			isa = PBXSourcesBuildPhase;
			buildActionMask = 2147483647;
			files = (
				189039BC1E7979450098C7C2 /* testCell.m in Sources */,
				1803DD9A1E784A8A006D950F /* MBProgressHUD+MJ.m in Sources */,
				1854397A1E6FC19A00D8BD85 /* LKBVC.m in Sources */,
				1803DD7E1E7848B9006D950F /* UIView+Frame.m in Sources */,
				185439871E6FC1CD00D8BD85 /* LKBButton.m in Sources */,
				1803DD781E7848B9006D950F /* UIBarButtonItem+YJTBarButtonItem.m in Sources */,
				18543B251E70277300D8BD85 /* OptionButton.m in Sources */,
				1889151B1E5DE4200058F3A4 /* AppDelegate.m in Sources */,
				185439F01E6FC75E00D8BD85 /* TabBarController.m in Sources */,
				185439911E6FC1FF00D8BD85 /* LKBTextField.m in Sources */,
				188915181E5DE4200058F3A4 /* main.m in Sources */,
				1803DD751E7848B9006D950F /* NSDate+MJ.m in Sources */,
				1803DD811E7848BA006D950F /* UIView+MBP.m in Sources */,
				18543B4A1E702EF100D8BD85 /* LKBGuideVC.m in Sources */,
				189039C41E79818B0098C7C2 /* weatherCell.m in Sources */,
				185439B81E6FC30200D8BD85 /* AddVC.m in Sources */,
				1803DD971E784A8A006D950F /* DDPhoneVersion.m in Sources */,
				18543B2A1E7027B600D8BD85 /* UIView+Util.m in Sources */,
				18543B411E702ED900D8BD85 /* LKBRegisterVC.m in Sources */,
				185439F81E6FC78700D8BD85 /* LKBTabBar.m in Sources */,
				18543B381E702EAC00D8BD85 /* LKBLoginVC.m in Sources */,
				185439E51E6FC63500D8BD85 /* LKBCollectionVC.m in Sources */,
				1854398C1E6FC1E800D8BD85 /* LKBTextView.m in Sources */,
				189039C91E7981980098C7C2 /* newsCell.m in Sources */,
				18FF5B161E716062002A771D /* ObjcRuntime.m in Sources */,
				185439A61E6FC2E100D8BD85 /* HomeVC.m in Sources */,
				185439C11E6FC31100D8BD85 /* LiveVC.m in Sources */,
				185439D31E6FC60200D8BD85 /* LKBTabBarController.m in Sources */,
				1803DD961E784A8A006D950F /* DDNetworkTool.m in Sources */,
				1803DD7B1E7848B9006D950F /* UIImage+YJTUIImage.m in Sources */,
				185439821E6FC1AE00D8BD85 /* LKBView.m in Sources */,
				185439CA1E6FC31E00D8BD85 /* MeVC.m in Sources */,
				188915241E5DE4200058F3A4 /* mytool_oc.xcdatamodeld in Sources */,
				185439AF1E6FC2F300D8BD85 /* MapVC.m in Sources */,
				1803DD981E784A8A006D950F /* LKBAFN.m in Sources */,
				18543B2F1E7027C600D8BD85 /* UIColor+Util.m in Sources */,
				1854399B1E6FC23000D8BD85 /* LKBImageView.m in Sources */,
				185439961E6FC21300D8BD85 /* LKBLabel.m in Sources */,
				185439DC1E6FC61B00D8BD85 /* LKBTableVC.m in Sources */,
			);
			runOnlyForDeploymentPostprocessing = 0;
		};
		1889152B1E5DE4200058F3A4 /* Sources */ = {
			isa = PBXSourcesBuildPhase;
			buildActionMask = 2147483647;
			files = (
				185439CB1E6FC31E00D8BD85 /* MeVC.m in Sources */,
				18543B261E70277300D8BD85 /* OptionButton.m in Sources */,
				18FF5B171E716062002A771D /* ObjcRuntime.m in Sources */,
				1803DD7C1E7848B9006D950F /* UIImage+YJTUIImage.m in Sources */,
				185439C21E6FC31100D8BD85 /* LiveVC.m in Sources */,
				1854399C1E6FC23000D8BD85 /* LKBImageView.m in Sources */,
				1854397B1E6FC19A00D8BD85 /* LKBVC.m in Sources */,
				185439921E6FC1FF00D8BD85 /* LKBTextField.m in Sources */,
				189039BD1E7979450098C7C2 /* testCell.m in Sources */,
				185439D41E6FC60200D8BD85 /* LKBTabBarController.m in Sources */,
				18543B4B1E702EF100D8BD85 /* LKBGuideVC.m in Sources */,
				185439A71E6FC2E100D8BD85 /* HomeVC.m in Sources */,
				18543B421E702ED900D8BD85 /* LKBRegisterVC.m in Sources */,
				1803DD761E7848B9006D950F /* NSDate+MJ.m in Sources */,
				1854398D1E6FC1E800D8BD85 /* LKBTextView.m in Sources */,
				1803DD821E7848BA006D950F /* UIView+MBP.m in Sources */,
				1803DD791E7848B9006D950F /* UIBarButtonItem+YJTBarButtonItem.m in Sources */,
				185439831E6FC1AE00D8BD85 /* LKBView.m in Sources */,
				18543B391E702EAC00D8BD85 /* LKBLoginVC.m in Sources */,
				18543B301E7027C600D8BD85 /* UIColor+Util.m in Sources */,
				18543B2B1E7027B600D8BD85 /* UIView+Util.m in Sources */,
				188915341E5DE4200058F3A4 /* mytool_ocTests.m in Sources */,
				185439E61E6FC63500D8BD85 /* LKBCollectionVC.m in Sources */,
				185439881E6FC1CD00D8BD85 /* LKBButton.m in Sources */,
				189039C51E79818B0098C7C2 /* weatherCell.m in Sources */,
				185439971E6FC21300D8BD85 /* LKBLabel.m in Sources */,
				189039CA1E7981980098C7C2 /* newsCell.m in Sources */,
				185439B91E6FC30200D8BD85 /* AddVC.m in Sources */,
				1803DD7F1E7848B9006D950F /* UIView+Frame.m in Sources */,
				185439F11E6FC75E00D8BD85 /* TabBarController.m in Sources */,
				185439B01E6FC2F300D8BD85 /* MapVC.m in Sources */,
				185439DD1E6FC61B00D8BD85 /* LKBTableVC.m in Sources */,
				185439F91E6FC78700D8BD85 /* LKBTabBar.m in Sources */,
			);
			runOnlyForDeploymentPostprocessing = 0;
		};
		188915361E5DE4200058F3A4 /* Sources */ = {
			isa = PBXSourcesBuildPhase;
			buildActionMask = 2147483647;
			files = (
				185439CC1E6FC31E00D8BD85 /* MeVC.m in Sources */,
				18543B271E70277300D8BD85 /* OptionButton.m in Sources */,
				18FF5B181E716062002A771D /* ObjcRuntime.m in Sources */,
				1803DD7D1E7848B9006D950F /* UIImage+YJTUIImage.m in Sources */,
				185439C31E6FC31100D8BD85 /* LiveVC.m in Sources */,
				1854399D1E6FC23000D8BD85 /* LKBImageView.m in Sources */,
				1854397C1E6FC19A00D8BD85 /* LKBVC.m in Sources */,
				185439931E6FC1FF00D8BD85 /* LKBTextField.m in Sources */,
				189039BE1E7979450098C7C2 /* testCell.m in Sources */,
				185439D51E6FC60200D8BD85 /* LKBTabBarController.m in Sources */,
				18543B4C1E702EF100D8BD85 /* LKBGuideVC.m in Sources */,
				185439A81E6FC2E100D8BD85 /* HomeVC.m in Sources */,
				18543B431E702ED900D8BD85 /* LKBRegisterVC.m in Sources */,
				1803DD771E7848B9006D950F /* NSDate+MJ.m in Sources */,
				1854398E1E6FC1E800D8BD85 /* LKBTextView.m in Sources */,
				1803DD831E7848BA006D950F /* UIView+MBP.m in Sources */,
				1803DD7A1E7848B9006D950F /* UIBarButtonItem+YJTBarButtonItem.m in Sources */,
				185439841E6FC1AE00D8BD85 /* LKBView.m in Sources */,
				18543B3A1E702EAC00D8BD85 /* LKBLoginVC.m in Sources */,
				18543B311E7027C600D8BD85 /* UIColor+Util.m in Sources */,
				18543B2C1E7027B600D8BD85 /* UIView+Util.m in Sources */,
				1889153F1E5DE4200058F3A4 /* mytool_ocUITests.m in Sources */,
				185439E71E6FC63500D8BD85 /* LKBCollectionVC.m in Sources */,
				185439891E6FC1CD00D8BD85 /* LKBButton.m in Sources */,
				189039C61E79818B0098C7C2 /* weatherCell.m in Sources */,
				185439981E6FC21300D8BD85 /* LKBLabel.m in Sources */,
				189039CB1E7981980098C7C2 /* newsCell.m in Sources */,
				185439BA1E6FC30200D8BD85 /* AddVC.m in Sources */,
				1803DD801E7848BA006D950F /* UIView+Frame.m in Sources */,
				185439F21E6FC75E00D8BD85 /* TabBarController.m in Sources */,
				185439B11E6FC2F300D8BD85 /* MapVC.m in Sources */,
				185439DE1E6FC61B00D8BD85 /* LKBTableVC.m in Sources */,
				185439FA1E6FC78700D8BD85 /* LKBTabBar.m in Sources */,
			);
			runOnlyForDeploymentPostprocessing = 0;
		};
/* End PBXSourcesBuildPhase section */

/* Begin PBXTargetDependency section */
		188915311E5DE4200058F3A4 /* PBXTargetDependency */ = {
			isa = PBXTargetDependency;
			target = 188915121E5DE4200058F3A4 /* mytool-oc */;
			targetProxy = 188915301E5DE4200058F3A4 /* PBXContainerItemProxy */;
		};
		1889153C1E5DE4200058F3A4 /* PBXTargetDependency */ = {
			isa = PBXTargetDependency;
			target = 188915121E5DE4200058F3A4 /* mytool-oc */;
			targetProxy = 1889153B1E5DE4200058F3A4 /* PBXContainerItemProxy */;
		};
/* End PBXTargetDependency section */

/* Begin XCBuildConfiguration section */
		188915411E5DE4200058F3A4 /* Debug */ = {
			isa = XCBuildConfiguration;
			buildSettings = {
				ALWAYS_SEARCH_USER_PATHS = NO;
				CLANG_ANALYZER_LOCALIZABILITY_NONLOCALIZED = YES;
				CLANG_ANALYZER_NONNULL = YES;
				CLANG_CXX_LANGUAGE_STANDARD = "gnu++0x";
				CLANG_CXX_LIBRARY = "libc++";
				CLANG_ENABLE_MODULES = YES;
				CLANG_ENABLE_OBJC_ARC = YES;
				CLANG_WARN_BOOL_CONVERSION = YES;
				CLANG_WARN_CONSTANT_CONVERSION = YES;
				CLANG_WARN_DIRECT_OBJC_ISA_USAGE = YES_ERROR;
				CLANG_WARN_DOCUMENTATION_COMMENTS = YES;
				CLANG_WARN_EMPTY_BODY = YES;
				CLANG_WARN_ENUM_CONVERSION = YES;
				CLANG_WARN_INFINITE_RECURSION = YES;
				CLANG_WARN_INT_CONVERSION = YES;
				CLANG_WARN_OBJC_ROOT_CLASS = YES_ERROR;
				CLANG_WARN_SUSPICIOUS_MOVE = YES;
				CLANG_WARN_UNREACHABLE_CODE = YES;
				CLANG_WARN__DUPLICATE_METHOD_MATCH = YES;
				"CODE_SIGN_IDENTITY[sdk=iphoneos*]" = "iPhone Developer";
				COPY_PHASE_STRIP = NO;
				DEBUG_INFORMATION_FORMAT = dwarf;
				ENABLE_STRICT_OBJC_MSGSEND = YES;
				ENABLE_TESTABILITY = YES;
				GCC_C_LANGUAGE_STANDARD = gnu99;
				GCC_DYNAMIC_NO_PIC = NO;
				GCC_NO_COMMON_BLOCKS = YES;
				GCC_OPTIMIZATION_LEVEL = 0;
				GCC_PREPROCESSOR_DEFINITIONS = (
					"DEBUG=1",
					"$(inherited)",
				);
				GCC_WARN_64_TO_32_BIT_CONVERSION = YES;
				GCC_WARN_ABOUT_RETURN_TYPE = YES_ERROR;
				GCC_WARN_UNDECLARED_SELECTOR = YES;
				GCC_WARN_UNINITIALIZED_AUTOS = YES_AGGRESSIVE;
				GCC_WARN_UNUSED_FUNCTION = YES;
				GCC_WARN_UNUSED_VARIABLE = YES;
				IPHONEOS_DEPLOYMENT_TARGET = 8.0;
				MTL_ENABLE_DEBUG_INFO = YES;
				ONLY_ACTIVE_ARCH = YES;
				SDKROOT = iphoneos;
				TARGETED_DEVICE_FAMILY = "1,2";
			};
			name = Debug;
		};
		188915421E5DE4200058F3A4 /* Release */ = {
			isa = XCBuildConfiguration;
			buildSettings = {
				ALWAYS_SEARCH_USER_PATHS = NO;
				CLANG_ANALYZER_LOCALIZABILITY_NONLOCALIZED = YES;
				CLANG_ANALYZER_NONNULL = YES;
				CLANG_CXX_LANGUAGE_STANDARD = "gnu++0x";
				CLANG_CXX_LIBRARY = "libc++";
				CLANG_ENABLE_MODULES = YES;
				CLANG_ENABLE_OBJC_ARC = YES;
				CLANG_WARN_BOOL_CONVERSION = YES;
				CLANG_WARN_CONSTANT_CONVERSION = YES;
				CLANG_WARN_DIRECT_OBJC_ISA_USAGE = YES_ERROR;
				CLANG_WARN_DOCUMENTATION_COMMENTS = YES;
				CLANG_WARN_EMPTY_BODY = YES;
				CLANG_WARN_ENUM_CONVERSION = YES;
				CLANG_WARN_INFINITE_RECURSION = YES;
				CLANG_WARN_INT_CONVERSION = YES;
				CLANG_WARN_OBJC_ROOT_CLASS = YES_ERROR;
				CLANG_WARN_SUSPICIOUS_MOVE = YES;
				CLANG_WARN_UNREACHABLE_CODE = YES;
				CLANG_WARN__DUPLICATE_METHOD_MATCH = YES;
				"CODE_SIGN_IDENTITY[sdk=iphoneos*]" = "iPhone Developer";
				COPY_PHASE_STRIP = NO;
				DEBUG_INFORMATION_FORMAT = "dwarf-with-dsym";
				ENABLE_NS_ASSERTIONS = NO;
				ENABLE_STRICT_OBJC_MSGSEND = YES;
				GCC_C_LANGUAGE_STANDARD = gnu99;
				GCC_NO_COMMON_BLOCKS = YES;
				GCC_WARN_64_TO_32_BIT_CONVERSION = YES;
				GCC_WARN_ABOUT_RETURN_TYPE = YES_ERROR;
				GCC_WARN_UNDECLARED_SELECTOR = YES;
				GCC_WARN_UNINITIALIZED_AUTOS = YES_AGGRESSIVE;
				GCC_WARN_UNUSED_FUNCTION = YES;
				GCC_WARN_UNUSED_VARIABLE = YES;
				IPHONEOS_DEPLOYMENT_TARGET = 8.0;
				MTL_ENABLE_DEBUG_INFO = NO;
				SDKROOT = iphoneos;
				TARGETED_DEVICE_FAMILY = "1,2";
				VALIDATE_PRODUCT = YES;
			};
			name = Release;
		};
		188915441E5DE4200058F3A4 /* Debug */ = {
			isa = XCBuildConfiguration;
			baseConfigurationReference = CE054EE01017C42AE6A79571 /* Pods-mytool-oc.debug.xcconfig */;
			buildSettings = {
				ASSETCATALOG_COMPILER_APPICON_NAME = AppIcon;
				DEVELOPMENT_TEAM = "";
				GCC_INCREASE_PRECOMPILED_HEADER_SHARING = NO;
				GCC_PRECOMPILE_PREFIX_HEADER = NO;
				GCC_PREFIX_HEADER = "$(SRCROOT)/mytool-oc/PrefixHeader.pch";
				INFOPLIST_FILE = "mytool-oc/Info.plist";
				IPHONEOS_DEPLOYMENT_TARGET = 8.0;
				LD_RUNPATH_SEARCH_PATHS = "$(inherited) @executable_path/Frameworks";
				LIBRARY_SEARCH_PATHS = "$(inherited)";
				PRODUCT_BUNDLE_IDENTIFIER = "lkb.mytool-oc";
				PRODUCT_NAME = "$(TARGET_NAME)";
			};
			name = Debug;
		};
		188915451E5DE4200058F3A4 /* Release */ = {
			isa = XCBuildConfiguration;
			baseConfigurationReference = 1952EB64C1CE0ED94E818D98 /* Pods-mytool-oc.release.xcconfig */;
			buildSettings = {
				ASSETCATALOG_COMPILER_APPICON_NAME = AppIcon;
				DEVELOPMENT_TEAM = "";
				GCC_INCREASE_PRECOMPILED_HEADER_SHARING = NO;
				GCC_PRECOMPILE_PREFIX_HEADER = NO;
				GCC_PREFIX_HEADER = "$(SRCROOT)/mytool-oc/PrefixHeader.pch";
				INFOPLIST_FILE = "mytool-oc/Info.plist";
				IPHONEOS_DEPLOYMENT_TARGET = 8.0;
				LD_RUNPATH_SEARCH_PATHS = "$(inherited) @executable_path/Frameworks";
				LIBRARY_SEARCH_PATHS = "$(inherited)";
				PRODUCT_BUNDLE_IDENTIFIER = "lkb.mytool-oc";
				PRODUCT_NAME = "$(TARGET_NAME)";
			};
			name = Release;
		};
		188915471E5DE4200058F3A4 /* Debug */ = {
			isa = XCBuildConfiguration;
			buildSettings = {
				BUNDLE_LOADER = "$(TEST_HOST)";
				DEVELOPMENT_TEAM = E54YL2T5L5;
				INFOPLIST_FILE = "mytool-ocTests/Info.plist";
				LD_RUNPATH_SEARCH_PATHS = "$(inherited) @executable_path/Frameworks @loader_path/Frameworks";
				LIBRARY_SEARCH_PATHS = (
					"$(inherited)",
					"$(PROJECT_DIR)/mytool-oc/Vendor/UMSocial_Sdk_4.3.0_Extra/SinaSSO",
					"$(PROJECT_DIR)/mytool-oc/Vendor/XGPush",
				);
				PRODUCT_BUNDLE_IDENTIFIER = "lkb.mytool-ocTests";
				PRODUCT_NAME = "$(TARGET_NAME)";
				TEST_HOST = "$(BUILT_PRODUCTS_DIR)/mytool-oc.app/mytool-oc";
			};
			name = Debug;
		};
		188915481E5DE4200058F3A4 /* Release */ = {
			isa = XCBuildConfiguration;
			buildSettings = {
				BUNDLE_LOADER = "$(TEST_HOST)";
				DEVELOPMENT_TEAM = E54YL2T5L5;
				INFOPLIST_FILE = "mytool-ocTests/Info.plist";
				LD_RUNPATH_SEARCH_PATHS = "$(inherited) @executable_path/Frameworks @loader_path/Frameworks";
				LIBRARY_SEARCH_PATHS = (
					"$(inherited)",
					"$(PROJECT_DIR)/mytool-oc/Vendor/UMSocial_Sdk_4.3.0_Extra/SinaSSO",
					"$(PROJECT_DIR)/mytool-oc/Vendor/XGPush",
				);
				PRODUCT_BUNDLE_IDENTIFIER = "lkb.mytool-ocTests";
				PRODUCT_NAME = "$(TARGET_NAME)";
				TEST_HOST = "$(BUILT_PRODUCTS_DIR)/mytool-oc.app/mytool-oc";
			};
			name = Release;
		};
		1889154A1E5DE4200058F3A4 /* Debug */ = {
			isa = XCBuildConfiguration;
			buildSettings = {
				DEVELOPMENT_TEAM = E54YL2T5L5;
				INFOPLIST_FILE = "mytool-ocUITests/Info.plist";
				LD_RUNPATH_SEARCH_PATHS = "$(inherited) @executable_path/Frameworks @loader_path/Frameworks";
				LIBRARY_SEARCH_PATHS = (
					"$(inherited)",
					"$(PROJECT_DIR)/mytool-oc/Vendor/UMSocial_Sdk_4.3.0_Extra/SinaSSO",
					"$(PROJECT_DIR)/mytool-oc/Vendor/XGPush",
				);
				PRODUCT_BUNDLE_IDENTIFIER = "lkb.mytool-ocUITests";
				PRODUCT_NAME = "$(TARGET_NAME)";
				TEST_TARGET_NAME = "mytool-oc";
			};
			name = Debug;
		};
		1889154B1E5DE4200058F3A4 /* Release */ = {
			isa = XCBuildConfiguration;
			buildSettings = {
				DEVELOPMENT_TEAM = E54YL2T5L5;
				INFOPLIST_FILE = "mytool-ocUITests/Info.plist";
				LD_RUNPATH_SEARCH_PATHS = "$(inherited) @executable_path/Frameworks @loader_path/Frameworks";
				LIBRARY_SEARCH_PATHS = (
					"$(inherited)",
					"$(PROJECT_DIR)/mytool-oc/Vendor/UMSocial_Sdk_4.3.0_Extra/SinaSSO",
					"$(PROJECT_DIR)/mytool-oc/Vendor/XGPush",
				);
				PRODUCT_BUNDLE_IDENTIFIER = "lkb.mytool-ocUITests";
				PRODUCT_NAME = "$(TARGET_NAME)";
				TEST_TARGET_NAME = "mytool-oc";
			};
			name = Release;
		};
/* End XCBuildConfiguration section */

/* Begin XCConfigurationList section */
		1889150E1E5DE4200058F3A4 /* Build configuration list for PBXProject "mytool-oc" */ = {
			isa = XCConfigurationList;
			buildConfigurations = (
				188915411E5DE4200058F3A4 /* Debug */,
				188915421E5DE4200058F3A4 /* Release */,
			);
			defaultConfigurationIsVisible = 0;
			defaultConfigurationName = Debug;
		};
		188915431E5DE4200058F3A4 /* Build configuration list for PBXNativeTarget "mytool-oc" */ = {
			isa = XCConfigurationList;
			buildConfigurations = (
				188915441E5DE4200058F3A4 /* Debug */,
				188915451E5DE4200058F3A4 /* Release */,
			);
			defaultConfigurationIsVisible = 0;
			defaultConfigurationName = Debug;
		};
		188915461E5DE4200058F3A4 /* Build configuration list for PBXNativeTarget "mytool-ocTests" */ = {
			isa = XCConfigurationList;
			buildConfigurations = (
				188915471E5DE4200058F3A4 /* Debug */,
				188915481E5DE4200058F3A4 /* Release */,
			);
			defaultConfigurationIsVisible = 0;
			defaultConfigurationName = Debug;
		};
		188915491E5DE4200058F3A4 /* Build configuration list for PBXNativeTarget "mytool-ocUITests" */ = {
			isa = XCConfigurationList;
			buildConfigurations = (
				1889154A1E5DE4200058F3A4 /* Debug */,
				1889154B1E5DE4200058F3A4 /* Release */,
			);
			defaultConfigurationIsVisible = 0;
			defaultConfigurationName = Debug;
		};
/* End XCConfigurationList section */

/* Begin XCVersionGroup section */
		188915221E5DE4200058F3A4 /* mytool_oc.xcdatamodeld */ = {
			isa = XCVersionGroup;
			children = (
				188915231E5DE4200058F3A4 /* mytool_oc.xcdatamodel */,
			);
			currentVersion = 188915231E5DE4200058F3A4 /* mytool_oc.xcdatamodel */;
			path = mytool_oc.xcdatamodeld;
			sourceTree = "<group>";
			versionGroupType = wrapper.xcdatamodel;
		};
/* End XCVersionGroup section */
	};
	rootObject = 1889150B1E5DE4200058F3A4 /* Project object */;
}
